
Microsoft Visual Studio Solution File, Format Version 12.00
# Visual Studio 14
VisualStudioVersion = 14.0.25123.0
MinimumVisualStudioVersion = 10.0.40219.1
Project("{2150E333-8FDC-42A3-9474-1A3956D46DE8}") = "01-APP", "01-APP", "{2F7B988F-EEA6-4FBC-B364-5BA45F3411D3}"
EndProject
Project("{2150E333-8FDC-42A3-9474-1A3956D46DE8}") = "02-Website", "02-Website", "{662B82BA-1781-4FBE-872C-7FAA4B3328F9}"
EndProject
Project("{2150E333-8FDC-42A3-9474-1A3956D46DE8}") = "03-DataService", "03-DataService", "{857E57E1-D1DF-4AA8-B6FE-53A04A8E071D}"
EndProject
Project("{2150E333-8FDC-42A3-9474-1A3956D46DE8}") = "04-Core", "04-Core", "{2F992E55-E1ED-4578-9EA2-31A4052A3C64}"
EndProject
Project("{FAE04EC0-301F-11D3-BF4B-00C04F79EFBC}") = "Catcher.Finance.APP", "Catcher.Finance.APP\Catcher.Finance.APP.csproj", "{877055AA-1288-4923-9FE9-0E861C532DBB}"
EndProject
Project("{FAE04EC0-301F-11D3-BF4B-00C04F79EFBC}") = "Catcher.Finance.APPLib", "Catcher.Finance.APP.Lib\Catcher.Finance.APPLib.csproj", "{128B5643-636E-4477-B704-CB309BCA816F}"
EndProject
Project("{FAE04EC0-301F-11D3-BF4B-00C04F79EFBC}") = "Catcher.Finance.DataAccess", "Catcher.Finance.DataAccess\Catcher.Finance.DataAccess.csproj", "{E5FD4238-5073-4B7D-A068-E6574A9C4ED4}"
EndProject
Project("{FAE04EC0-301F-11D3-BF4B-00C04F79EFBC}") = "Catcher.Finance.Common", "Catcher.Finance.Common\Catcher.Finance.Common.csproj", "{E8EB0A2A-5C6A-4C7B-BF10-FFAD3489CF78}"
EndProject
Project("{FAE04EC0-301F-11D3-BF4B-00C04F79EFBC}") = "Catcher.Finance.Common.Test", "Catcher.Finance.Common.Test\Catcher.Finance.Common.Test.csproj", "{8CC9752E-A68D-412C-BA3B-AC17CEB6BD50}"
EndProject
Project("{FAE04EC0-301F-11D3-BF4B-00C04F79EFBC}") = "Catcher.Finance.DataAccess.Test", "Catcher.Finance.DataAccess.Test\Catcher.Finance.DataAccess.Test.csproj", "{64D050AC-8051-4949-825E-DBE6727BAB47}"
EndProject
Project("{2150E333-8FDC-42A3-9474-1A3956D46DE8}") = "05-Logic", "05-Logic", "{E964092F-30D8-459F-BB24-753866218E21}"
EndProject
Project("{FAE04EC0-301F-11D3-BF4B-00C04F79EFBC}") = "Catcher.Finance.Logic", "Catcher.Finance.Logic\Catcher.Finance.Logic.csproj", "{C08F6D02-248A-49DE-A1C9-AE81663BD512}"
EndProject
Project("{FAE04EC0-301F-11D3-BF4B-00C04F79EFBC}") = "Catcher.Finance.Logic.Test", "Catcher.Finance.Logic.Test\Catcher.Finance.Logic.Test.csproj", "{272AB01F-3EB7-4DDF-8CB2-CEFCC0981937}"
EndProject
Project("{FAE04EC0-301F-11D3-BF4B-00C04F79EFBC}") = "Catcher.Finance.UWP", "Catcher.Finance.UWP\Catcher.Finance.UWP.csproj", "{6A833D6C-2245-4B48-BDE3-8AB8A74321CD}"
EndProject
Project("{FAE04EC0-301F-11D3-BF4B-00C04F79EFBC}") = "Catcher.Finance.WebAdmin", "Catcher.Finance.WebAdmin\Catcher.Finance.WebAdmin.csproj", "{913B367C-1340-4F69-A7BC-8427D11D4011}"
EndProject
Project("{FAE04EC0-301F-11D3-BF4B-00C04F79EFBC}") = "Catcher.Finance.DataServiceViaMVC", "Catcher.Finance.DataServiceViaMVC\Catcher.Finance.DataServiceViaMVC.csproj", "{D1FCE23A-7D48-470E-81E1-882163D15E0E}"
EndProject
Project("{FAE04EC0-301F-11D3-BF4B-00C04F79EFBC}") = "Catcher.Finance.DataServiceViaNancyFx", "Catcher.Finance.DataServiceViaNancyFx\Catcher.Finance.DataServiceViaNancyFx.csproj", "{755AD0EB-BDF5-4496-B75F-ABD592F8034B}"
EndProject
Project("{FAE04EC0-301F-11D3-BF4B-00C04F79EFBC}") = "Catcher.Finance.Entities", "Catcher.Finance.Entities\Catcher.Finance.Entities.csproj", "{5E52E41D-B2FC-4F3C-BBD5-E41A0E12C913}"
EndProject
Project("{2150E333-8FDC-42A3-9474-1A3956D46DE8}") = "06-Test", "06-Test", "{CAA56632-064D-449B-BC28-F1CC725369B4}"
EndProject
Project("{FAE04EC0-301F-11D3-BF4B-00C04F79EFBC}") = "Catcher.Finance.UWPCore", "Catcher.Finance.UWPCore\Catcher.Finance.UWPCore.csproj", "{8B3ABB92-57C6-4698-9075-92338ACAADFC}"
EndProject
Global
	GlobalSection(SolutionConfigurationPlatforms) = preSolution
		Ad-Hoc|Any CPU = Ad-Hoc|Any CPU
		Ad-Hoc|ARM = Ad-Hoc|ARM
		Ad-Hoc|iPhone = Ad-Hoc|iPhone
		Ad-Hoc|iPhoneSimulator = Ad-Hoc|iPhoneSimulator
		Ad-Hoc|x64 = Ad-Hoc|x64
		Ad-Hoc|x86 = Ad-Hoc|x86
		AppStore|Any CPU = AppStore|Any CPU
		AppStore|ARM = AppStore|ARM
		AppStore|iPhone = AppStore|iPhone
		AppStore|iPhoneSimulator = AppStore|iPhoneSimulator
		AppStore|x64 = AppStore|x64
		AppStore|x86 = AppStore|x86
		Debug|Any CPU = Debug|Any CPU
		Debug|ARM = Debug|ARM
		Debug|iPhone = Debug|iPhone
		Debug|iPhoneSimulator = Debug|iPhoneSimulator
		Debug|x64 = Debug|x64
		Debug|x86 = Debug|x86
		Release|Any CPU = Release|Any CPU
		Release|ARM = Release|ARM
		Release|iPhone = Release|iPhone
		Release|iPhoneSimulator = Release|iPhoneSimulator
		Release|x64 = Release|x64
		Release|x86 = Release|x86
	EndGlobalSection
	GlobalSection(ProjectConfigurationPlatforms) = postSolution
		{877055AA-1288-4923-9FE9-0E861C532DBB}.Ad-Hoc|Any CPU.ActiveCfg = Release|Any CPU
		{877055AA-1288-4923-9FE9-0E861C532DBB}.Ad-Hoc|Any CPU.Build.0 = Release|Any CPU
		{877055AA-1288-4923-9FE9-0E861C532DBB}.Ad-Hoc|Any CPU.Deploy.0 = Release|Any CPU
		{877055AA-1288-4923-9FE9-0E861C532DBB}.Ad-Hoc|ARM.ActiveCfg = Debug|Any CPU
		{877055AA-1288-4923-9FE9-0E861C532DBB}.Ad-Hoc|ARM.Build.0 = Debug|Any CPU
		{877055AA-1288-4923-9FE9-0E861C532DBB}.Ad-Hoc|ARM.Deploy.0 = Debug|Any CPU
		{877055AA-1288-4923-9FE9-0E861C532DBB}.Ad-Hoc|iPhone.ActiveCfg = Release|Any CPU
		{877055AA-1288-4923-9FE9-0E861C532DBB}.Ad-Hoc|iPhone.Build.0 = Release|Any CPU
		{877055AA-1288-4923-9FE9-0E861C532DBB}.Ad-Hoc|iPhone.Deploy.0 = Release|Any CPU
		{877055AA-1288-4923-9FE9-0E861C532DBB}.Ad-Hoc|iPhoneSimulator.ActiveCfg = Release|Any CPU
		{877055AA-1288-4923-9FE9-0E861C532DBB}.Ad-Hoc|iPhoneSimulator.Build.0 = Release|Any CPU
		{877055AA-1288-4923-9FE9-0E861C532DBB}.Ad-Hoc|iPhoneSimulator.Deploy.0 = Release|Any CPU
		{877055AA-1288-4923-9FE9-0E861C532DBB}.Ad-Hoc|x64.ActiveCfg = Debug|Any CPU
		{877055AA-1288-4923-9FE9-0E861C532DBB}.Ad-Hoc|x64.Build.0 = Debug|Any CPU
		{877055AA-1288-4923-9FE9-0E861C532DBB}.Ad-Hoc|x64.Deploy.0 = Debug|Any CPU
		{877055AA-1288-4923-9FE9-0E861C532DBB}.Ad-Hoc|x86.ActiveCfg = Debug|Any CPU
		{877055AA-1288-4923-9FE9-0E861C532DBB}.Ad-Hoc|x86.Build.0 = Debug|Any CPU
		{877055AA-1288-4923-9FE9-0E861C532DBB}.Ad-Hoc|x86.Deploy.0 = Debug|Any CPU
		{877055AA-1288-4923-9FE9-0E861C532DBB}.AppStore|Any CPU.ActiveCfg = Release|Any CPU
		{877055AA-1288-4923-9FE9-0E861C532DBB}.AppStore|Any CPU.Build.0 = Release|Any CPU
		{877055AA-1288-4923-9FE9-0E861C532DBB}.AppStore|Any CPU.Deploy.0 = Release|Any CPU
		{877055AA-1288-4923-9FE9-0E861C532DBB}.AppStore|ARM.ActiveCfg = Debug|Any CPU
		{877055AA-1288-4923-9FE9-0E861C532DBB}.AppStore|ARM.Build.0 = Debug|Any CPU
		{877055AA-1288-4923-9FE9-0E861C532DBB}.AppStore|ARM.Deploy.0 = Debug|Any CPU
		{877055AA-1288-4923-9FE9-0E861C532DBB}.AppStore|iPhone.ActiveCfg = Release|Any CPU
		{877055AA-1288-4923-9FE9-0E861C532DBB}.AppStore|iPhone.Build.0 = Release|Any CPU
		{877055AA-1288-4923-9FE9-0E861C532DBB}.AppStore|iPhone.Deploy.0 = Release|Any CPU
		{877055AA-1288-4923-9FE9-0E861C532DBB}.AppStore|iPhoneSimulator.ActiveCfg = Release|Any CPU
		{877055AA-1288-4923-9FE9-0E861C532DBB}.AppStore|iPhoneSimulator.Build.0 = Release|Any CPU
		{877055AA-1288-4923-9FE9-0E861C532DBB}.AppStore|iPhoneSimulator.Deploy.0 = Release|Any CPU
		{877055AA-1288-4923-9FE9-0E861C532DBB}.AppStore|x64.ActiveCfg = Debug|Any CPU
		{877055AA-1288-4923-9FE9-0E861C532DBB}.AppStore|x64.Build.0 = Debug|Any CPU
		{877055AA-1288-4923-9FE9-0E861C532DBB}.AppStore|x64.Deploy.0 = Debug|Any CPU
		{877055AA-1288-4923-9FE9-0E861C532DBB}.AppStore|x86.ActiveCfg = Debug|Any CPU
		{877055AA-1288-4923-9FE9-0E861C532DBB}.AppStore|x86.Build.0 = Debug|Any CPU
		{877055AA-1288-4923-9FE9-0E861C532DBB}.AppStore|x86.Deploy.0 = Debug|Any CPU
		{877055AA-1288-4923-9FE9-0E861C532DBB}.Debug|Any CPU.ActiveCfg = Debug|Any CPU
		{877055AA-1288-4923-9FE9-0E861C532DBB}.Debug|Any CPU.Build.0 = Debug|Any CPU
		{877055AA-1288-4923-9FE9-0E861C532DBB}.Debug|Any CPU.Deploy.0 = Debug|Any CPU
		{877055AA-1288-4923-9FE9-0E861C532DBB}.Debug|ARM.ActiveCfg = Debug|Any CPU
		{877055AA-1288-4923-9FE9-0E861C532DBB}.Debug|ARM.Build.0 = Debug|Any CPU
		{877055AA-1288-4923-9FE9-0E861C532DBB}.Debug|ARM.Deploy.0 = Debug|Any CPU
		{877055AA-1288-4923-9FE9-0E861C532DBB}.Debug|iPhone.ActiveCfg = Debug|Any CPU
		{877055AA-1288-4923-9FE9-0E861C532DBB}.Debug|iPhone.Build.0 = Debug|Any CPU
		{877055AA-1288-4923-9FE9-0E861C532DBB}.Debug|iPhone.Deploy.0 = Debug|Any CPU
		{877055AA-1288-4923-9FE9-0E861C532DBB}.Debug|iPhoneSimulator.ActiveCfg = Debug|Any CPU
		{877055AA-1288-4923-9FE9-0E861C532DBB}.Debug|iPhoneSimulator.Build.0 = Debug|Any CPU
		{877055AA-1288-4923-9FE9-0E861C532DBB}.Debug|iPhoneSimulator.Deploy.0 = Debug|Any CPU
		{877055AA-1288-4923-9FE9-0E861C532DBB}.Debug|x64.ActiveCfg = Debug|Any CPU
		{877055AA-1288-4923-9FE9-0E861C532DBB}.Debug|x64.Build.0 = Debug|Any CPU
		{877055AA-1288-4923-9FE9-0E861C532DBB}.Debug|x64.Deploy.0 = Debug|Any CPU
		{877055AA-1288-4923-9FE9-0E861C532DBB}.Debug|x86.ActiveCfg = Debug|Any CPU
		{877055AA-1288-4923-9FE9-0E861C532DBB}.Debug|x86.Build.0 = Debug|Any CPU
		{877055AA-1288-4923-9FE9-0E861C532DBB}.Debug|x86.Deploy.0 = Debug|Any CPU
		{877055AA-1288-4923-9FE9-0E861C532DBB}.Release|Any CPU.ActiveCfg = Release|Any CPU
		{877055AA-1288-4923-9FE9-0E861C532DBB}.Release|Any CPU.Build.0 = Release|Any CPU
		{877055AA-1288-4923-9FE9-0E861C532DBB}.Release|Any CPU.Deploy.0 = Release|Any CPU
		{877055AA-1288-4923-9FE9-0E861C532DBB}.Release|ARM.ActiveCfg = Release|Any CPU
		{877055AA-1288-4923-9FE9-0E861C532DBB}.Release|ARM.Build.0 = Release|Any CPU
		{877055AA-1288-4923-9FE9-0E861C532DBB}.Release|ARM.Deploy.0 = Release|Any CPU
		{877055AA-1288-4923-9FE9-0E861C532DBB}.Release|iPhone.ActiveCfg = Release|Any CPU
		{877055AA-1288-4923-9FE9-0E861C532DBB}.Release|iPhone.Build.0 = Release|Any CPU
		{877055AA-1288-4923-9FE9-0E861C532DBB}.Release|iPhone.Deploy.0 = Release|Any CPU
		{877055AA-1288-4923-9FE9-0E861C532DBB}.Release|iPhoneSimulator.ActiveCfg = Release|Any CPU
		{877055AA-1288-4923-9FE9-0E861C532DBB}.Release|iPhoneSimulator.Build.0 = Release|Any CPU
		{877055AA-1288-4923-9FE9-0E861C532DBB}.Release|iPhoneSimulator.Deploy.0 = Release|Any CPU
		{877055AA-1288-4923-9FE9-0E861C532DBB}.Release|x64.ActiveCfg = Release|Any CPU
		{877055AA-1288-4923-9FE9-0E861C532DBB}.Release|x64.Build.0 = Release|Any CPU
		{877055AA-1288-4923-9FE9-0E861C532DBB}.Release|x64.Deploy.0 = Release|Any CPU
		{877055AA-1288-4923-9FE9-0E861C532DBB}.Release|x86.ActiveCfg = Release|Any CPU
		{877055AA-1288-4923-9FE9-0E861C532DBB}.Release|x86.Build.0 = Release|Any CPU
		{877055AA-1288-4923-9FE9-0E861C532DBB}.Release|x86.Deploy.0 = Release|Any CPU
		{128B5643-636E-4477-B704-CB309BCA816F}.Ad-Hoc|Any CPU.ActiveCfg = Release|Any CPU
		{128B5643-636E-4477-B704-CB309BCA816F}.Ad-Hoc|Any CPU.Build.0 = Release|Any CPU
		{128B5643-636E-4477-B704-CB309BCA816F}.Ad-Hoc|ARM.ActiveCfg = Debug|Any CPU
		{128B5643-636E-4477-B704-CB309BCA816F}.Ad-Hoc|ARM.Build.0 = Debug|Any CPU
		{128B5643-636E-4477-B704-CB309BCA816F}.Ad-Hoc|iPhone.ActiveCfg = Release|Any CPU
		{128B5643-636E-4477-B704-CB309BCA816F}.Ad-Hoc|iPhone.Build.0 = Release|Any CPU
		{128B5643-636E-4477-B704-CB309BCA816F}.Ad-Hoc|iPhoneSimulator.ActiveCfg = Release|Any CPU
		{128B5643-636E-4477-B704-CB309BCA816F}.Ad-Hoc|iPhoneSimulator.Build.0 = Release|Any CPU
		{128B5643-636E-4477-B704-CB309BCA816F}.Ad-Hoc|x64.ActiveCfg = Debug|Any CPU
		{128B5643-636E-4477-B704-CB309BCA816F}.Ad-Hoc|x64.Build.0 = Debug|Any CPU
		{128B5643-636E-4477-B704-CB309BCA816F}.Ad-Hoc|x86.ActiveCfg = Debug|Any CPU
		{128B5643-636E-4477-B704-CB309BCA816F}.Ad-Hoc|x86.Build.0 = Debug|Any CPU
		{128B5643-636E-4477-B704-CB309BCA816F}.AppStore|Any CPU.ActiveCfg = Release|Any CPU
		{128B5643-636E-4477-B704-CB309BCA816F}.AppStore|Any CPU.Build.0 = Release|Any CPU
		{128B5643-636E-4477-B704-CB309BCA816F}.AppStore|ARM.ActiveCfg = Debug|Any CPU
		{128B5643-636E-4477-B704-CB309BCA816F}.AppStore|ARM.Build.0 = Debug|Any CPU
		{128B5643-636E-4477-B704-CB309BCA816F}.AppStore|iPhone.ActiveCfg = Release|Any CPU
		{128B5643-636E-4477-B704-CB309BCA816F}.AppStore|iPhone.Build.0 = Release|Any CPU
		{128B5643-636E-4477-B704-CB309BCA816F}.AppStore|iPhoneSimulator.ActiveCfg = Release|Any CPU
		{128B5643-636E-4477-B704-CB309BCA816F}.AppStore|iPhoneSimulator.Build.0 = Release|Any CPU
		{128B5643-636E-4477-B704-CB309BCA816F}.AppStore|x64.ActiveCfg = Debug|Any CPU
		{128B5643-636E-4477-B704-CB309BCA816F}.AppStore|x64.Build.0 = Debug|Any CPU
		{128B5643-636E-4477-B704-CB309BCA816F}.AppStore|x86.ActiveCfg = Debug|Any CPU
		{128B5643-636E-4477-B704-CB309BCA816F}.AppStore|x86.Build.0 = Debug|Any CPU
		{128B5643-636E-4477-B704-CB309BCA816F}.Debug|Any CPU.ActiveCfg = Debug|Any CPU
		{128B5643-636E-4477-B704-CB309BCA816F}.Debug|Any CPU.Build.0 = Debug|Any CPU
		{128B5643-636E-4477-B704-CB309BCA816F}.Debug|ARM.ActiveCfg = Debug|Any CPU
		{128B5643-636E-4477-B704-CB309BCA816F}.Debug|ARM.Build.0 = Debug|Any CPU
		{128B5643-636E-4477-B704-CB309BCA816F}.Debug|iPhone.ActiveCfg = Debug|Any CPU
		{128B5643-636E-4477-B704-CB309BCA816F}.Debug|iPhone.Build.0 = Debug|Any CPU
		{128B5643-636E-4477-B704-CB309BCA816F}.Debug|iPhoneSimulator.ActiveCfg = Debug|Any CPU
		{128B5643-636E-4477-B704-CB309BCA816F}.Debug|iPhoneSimulator.Build.0 = Debug|Any CPU
		{128B5643-636E-4477-B704-CB309BCA816F}.Debug|x64.ActiveCfg = Debug|Any CPU
		{128B5643-636E-4477-B704-CB309BCA816F}.Debug|x64.Build.0 = Debug|Any CPU
		{128B5643-636E-4477-B704-CB309BCA816F}.Debug|x86.ActiveCfg = Debug|Any CPU
		{128B5643-636E-4477-B704-CB309BCA816F}.Debug|x86.Build.0 = Debug|Any CPU
		{128B5643-636E-4477-B704-CB309BCA816F}.Release|Any CPU.ActiveCfg = Release|Any CPU
		{128B5643-636E-4477-B704-CB309BCA816F}.Release|Any CPU.Build.0 = Release|Any CPU
		{128B5643-636E-4477-B704-CB309BCA816F}.Release|ARM.ActiveCfg = Release|Any CPU
		{128B5643-636E-4477-B704-CB309BCA816F}.Release|ARM.Build.0 = Release|Any CPU
		{128B5643-636E-4477-B704-CB309BCA816F}.Release|iPhone.ActiveCfg = Release|Any CPU
		{128B5643-636E-4477-B704-CB309BCA816F}.Release|iPhone.Build.0 = Release|Any CPU
		{128B5643-636E-4477-B704-CB309BCA816F}.Release|iPhoneSimulator.ActiveCfg = Release|Any CPU
		{128B5643-636E-4477-B704-CB309BCA816F}.Release|iPhoneSimulator.Build.0 = Release|Any CPU
		{128B5643-636E-4477-B704-CB309BCA816F}.Release|x64.ActiveCfg = Release|Any CPU
		{128B5643-636E-4477-B704-CB309BCA816F}.Release|x64.Build.0 = Release|Any CPU
		{128B5643-636E-4477-B704-CB309BCA816F}.Release|x86.ActiveCfg = Release|Any CPU
		{128B5643-636E-4477-B704-CB309BCA816F}.Release|x86.Build.0 = Release|Any CPU
		{E5FD4238-5073-4B7D-A068-E6574A9C4ED4}.Ad-Hoc|Any CPU.ActiveCfg = Release|Any CPU
		{E5FD4238-5073-4B7D-A068-E6574A9C4ED4}.Ad-Hoc|Any CPU.Build.0 = Release|Any CPU
		{E5FD4238-5073-4B7D-A068-E6574A9C4ED4}.Ad-Hoc|ARM.ActiveCfg = Debug|Any CPU
		{E5FD4238-5073-4B7D-A068-E6574A9C4ED4}.Ad-Hoc|ARM.Build.0 = Debug|Any CPU
		{E5FD4238-5073-4B7D-A068-E6574A9C4ED4}.Ad-Hoc|iPhone.ActiveCfg = Release|Any CPU
		{E5FD4238-5073-4B7D-A068-E6574A9C4ED4}.Ad-Hoc|iPhone.Build.0 = Release|Any CPU
		{E5FD4238-5073-4B7D-A068-E6574A9C4ED4}.Ad-Hoc|iPhoneSimulator.ActiveCfg = Release|Any CPU
		{E5FD4238-5073-4B7D-A068-E6574A9C4ED4}.Ad-Hoc|iPhoneSimulator.Build.0 = Release|Any CPU
		{E5FD4238-5073-4B7D-A068-E6574A9C4ED4}.Ad-Hoc|x64.ActiveCfg = Debug|Any CPU
		{E5FD4238-5073-4B7D-A068-E6574A9C4ED4}.Ad-Hoc|x64.Build.0 = Debug|Any CPU
		{E5FD4238-5073-4B7D-A068-E6574A9C4ED4}.Ad-Hoc|x86.ActiveCfg = Debug|Any CPU
		{E5FD4238-5073-4B7D-A068-E6574A9C4ED4}.Ad-Hoc|x86.Build.0 = Debug|Any CPU
		{E5FD4238-5073-4B7D-A068-E6574A9C4ED4}.AppStore|Any CPU.ActiveCfg = Release|Any CPU
		{E5FD4238-5073-4B7D-A068-E6574A9C4ED4}.AppStore|Any CPU.Build.0 = Release|Any CPU
		{E5FD4238-5073-4B7D-A068-E6574A9C4ED4}.AppStore|ARM.ActiveCfg = Debug|Any CPU
		{E5FD4238-5073-4B7D-A068-E6574A9C4ED4}.AppStore|ARM.Build.0 = Debug|Any CPU
		{E5FD4238-5073-4B7D-A068-E6574A9C4ED4}.AppStore|iPhone.ActiveCfg = Release|Any CPU
		{E5FD4238-5073-4B7D-A068-E6574A9C4ED4}.AppStore|iPhone.Build.0 = Release|Any CPU
		{E5FD4238-5073-4B7D-A068-E6574A9C4ED4}.AppStore|iPhoneSimulator.ActiveCfg = Release|Any CPU
		{E5FD4238-5073-4B7D-A068-E6574A9C4ED4}.AppStore|iPhoneSimulator.Build.0 = Release|Any CPU
		{E5FD4238-5073-4B7D-A068-E6574A9C4ED4}.AppStore|x64.ActiveCfg = Debug|Any CPU
		{E5FD4238-5073-4B7D-A068-E6574A9C4ED4}.AppStore|x64.Build.0 = Debug|Any CPU
		{E5FD4238-5073-4B7D-A068-E6574A9C4ED4}.AppStore|x86.ActiveCfg = Debug|Any CPU
		{E5FD4238-5073-4B7D-A068-E6574A9C4ED4}.AppStore|x86.Build.0 = Debug|Any CPU
		{E5FD4238-5073-4B7D-A068-E6574A9C4ED4}.Debug|Any CPU.ActiveCfg = Debug|Any CPU
		{E5FD4238-5073-4B7D-A068-E6574A9C4ED4}.Debug|Any CPU.Build.0 = Debug|Any CPU
		{E5FD4238-5073-4B7D-A068-E6574A9C4ED4}.Debug|ARM.ActiveCfg = Debug|Any CPU
		{E5FD4238-5073-4B7D-A068-E6574A9C4ED4}.Debug|ARM.Build.0 = Debug|Any CPU
		{E5FD4238-5073-4B7D-A068-E6574A9C4ED4}.Debug|iPhone.ActiveCfg = Debug|Any CPU
		{E5FD4238-5073-4B7D-A068-E6574A9C4ED4}.Debug|iPhone.Build.0 = Debug|Any CPU
		{E5FD4238-5073-4B7D-A068-E6574A9C4ED4}.Debug|iPhoneSimulator.ActiveCfg = Debug|Any CPU
		{E5FD4238-5073-4B7D-A068-E6574A9C4ED4}.Debug|iPhoneSimulator.Build.0 = Debug|Any CPU
		{E5FD4238-5073-4B7D-A068-E6574A9C4ED4}.Debug|x64.ActiveCfg = Debug|Any CPU
		{E5FD4238-5073-4B7D-A068-E6574A9C4ED4}.Debug|x64.Build.0 = Debug|Any CPU
		{E5FD4238-5073-4B7D-A068-E6574A9C4ED4}.Debug|x86.ActiveCfg = Debug|Any CPU
		{E5FD4238-5073-4B7D-A068-E6574A9C4ED4}.Debug|x86.Build.0 = Debug|Any CPU
		{E5FD4238-5073-4B7D-A068-E6574A9C4ED4}.Release|Any CPU.ActiveCfg = Release|Any CPU
		{E5FD4238-5073-4B7D-A068-E6574A9C4ED4}.Release|Any CPU.Build.0 = Release|Any CPU
		{E5FD4238-5073-4B7D-A068-E6574A9C4ED4}.Release|ARM.ActiveCfg = Release|Any CPU
		{E5FD4238-5073-4B7D-A068-E6574A9C4ED4}.Release|ARM.Build.0 = Release|Any CPU
		{E5FD4238-5073-4B7D-A068-E6574A9C4ED4}.Release|iPhone.ActiveCfg = Release|Any CPU
		{E5FD4238-5073-4B7D-A068-E6574A9C4ED4}.Release|iPhone.Build.0 = Release|Any CPU
		{E5FD4238-5073-4B7D-A068-E6574A9C4ED4}.Release|iPhoneSimulator.ActiveCfg = Release|Any CPU
		{E5FD4238-5073-4B7D-A068-E6574A9C4ED4}.Release|iPhoneSimulator.Build.0 = Release|Any CPU
		{E5FD4238-5073-4B7D-A068-E6574A9C4ED4}.Release|x64.ActiveCfg = Release|Any CPU
		{E5FD4238-5073-4B7D-A068-E6574A9C4ED4}.Release|x64.Build.0 = Release|Any CPU
		{E5FD4238-5073-4B7D-A068-E6574A9C4ED4}.Release|x86.ActiveCfg = Release|Any CPU
		{E5FD4238-5073-4B7D-A068-E6574A9C4ED4}.Release|x86.Build.0 = Release|Any CPU
		{E8EB0A2A-5C6A-4C7B-BF10-FFAD3489CF78}.Ad-Hoc|Any CPU.ActiveCfg = Release|Any CPU
		{E8EB0A2A-5C6A-4C7B-BF10-FFAD3489CF78}.Ad-Hoc|Any CPU.Build.0 = Release|Any CPU
		{E8EB0A2A-5C6A-4C7B-BF10-FFAD3489CF78}.Ad-Hoc|ARM.ActiveCfg = Debug|Any CPU
		{E8EB0A2A-5C6A-4C7B-BF10-FFAD3489CF78}.Ad-Hoc|ARM.Build.0 = Debug|Any CPU
		{E8EB0A2A-5C6A-4C7B-BF10-FFAD3489CF78}.Ad-Hoc|iPhone.ActiveCfg = Release|Any CPU
		{E8EB0A2A-5C6A-4C7B-BF10-FFAD3489CF78}.Ad-Hoc|iPhone.Build.0 = Release|Any CPU
		{E8EB0A2A-5C6A-4C7B-BF10-FFAD3489CF78}.Ad-Hoc|iPhoneSimulator.ActiveCfg = Release|Any CPU
		{E8EB0A2A-5C6A-4C7B-BF10-FFAD3489CF78}.Ad-Hoc|iPhoneSimulator.Build.0 = Release|Any CPU
		{E8EB0A2A-5C6A-4C7B-BF10-FFAD3489CF78}.Ad-Hoc|x64.ActiveCfg = Debug|Any CPU
		{E8EB0A2A-5C6A-4C7B-BF10-FFAD3489CF78}.Ad-Hoc|x64.Build.0 = Debug|Any CPU
		{E8EB0A2A-5C6A-4C7B-BF10-FFAD3489CF78}.Ad-Hoc|x86.ActiveCfg = Debug|Any CPU
		{E8EB0A2A-5C6A-4C7B-BF10-FFAD3489CF78}.Ad-Hoc|x86.Build.0 = Debug|Any CPU
		{E8EB0A2A-5C6A-4C7B-BF10-FFAD3489CF78}.AppStore|Any CPU.ActiveCfg = Release|Any CPU
		{E8EB0A2A-5C6A-4C7B-BF10-FFAD3489CF78}.AppStore|Any CPU.Build.0 = Release|Any CPU
		{E8EB0A2A-5C6A-4C7B-BF10-FFAD3489CF78}.AppStore|ARM.ActiveCfg = Debug|Any CPU
		{E8EB0A2A-5C6A-4C7B-BF10-FFAD3489CF78}.AppStore|ARM.Build.0 = Debug|Any CPU
		{E8EB0A2A-5C6A-4C7B-BF10-FFAD3489CF78}.AppStore|iPhone.ActiveCfg = Release|Any CPU
		{E8EB0A2A-5C6A-4C7B-BF10-FFAD3489CF78}.AppStore|iPhone.Build.0 = Release|Any CPU
		{E8EB0A2A-5C6A-4C7B-BF10-FFAD3489CF78}.AppStore|iPhoneSimulator.ActiveCfg = Release|Any CPU
		{E8EB0A2A-5C6A-4C7B-BF10-FFAD3489CF78}.AppStore|iPhoneSimulator.Build.0 = Release|Any CPU
		{E8EB0A2A-5C6A-4C7B-BF10-FFAD3489CF78}.AppStore|x64.ActiveCfg = Debug|Any CPU
		{E8EB0A2A-5C6A-4C7B-BF10-FFAD3489CF78}.AppStore|x64.Build.0 = Debug|Any CPU
		{E8EB0A2A-5C6A-4C7B-BF10-FFAD3489CF78}.AppStore|x86.ActiveCfg = Debug|Any CPU
		{E8EB0A2A-5C6A-4C7B-BF10-FFAD3489CF78}.AppStore|x86.Build.0 = Debug|Any CPU
		{E8EB0A2A-5C6A-4C7B-BF10-FFAD3489CF78}.Debug|Any CPU.ActiveCfg = Debug|Any CPU
		{E8EB0A2A-5C6A-4C7B-BF10-FFAD3489CF78}.Debug|Any CPU.Build.0 = Debug|Any CPU
		{E8EB0A2A-5C6A-4C7B-BF10-FFAD3489CF78}.Debug|ARM.ActiveCfg = Debug|Any CPU
		{E8EB0A2A-5C6A-4C7B-BF10-FFAD3489CF78}.Debug|ARM.Build.0 = Debug|Any CPU
		{E8EB0A2A-5C6A-4C7B-BF10-FFAD3489CF78}.Debug|iPhone.ActiveCfg = Debug|Any CPU
		{E8EB0A2A-5C6A-4C7B-BF10-FFAD3489CF78}.Debug|iPhone.Build.0 = Debug|Any CPU
		{E8EB0A2A-5C6A-4C7B-BF10-FFAD3489CF78}.Debug|iPhoneSimulator.ActiveCfg = Debug|Any CPU
		{E8EB0A2A-5C6A-4C7B-BF10-FFAD3489CF78}.Debug|iPhoneSimulator.Build.0 = Debug|Any CPU
		{E8EB0A2A-5C6A-4C7B-BF10-FFAD3489CF78}.Debug|x64.ActiveCfg = Debug|Any CPU
		{E8EB0A2A-5C6A-4C7B-BF10-FFAD3489CF78}.Debug|x64.Build.0 = Debug|Any CPU
		{E8EB0A2A-5C6A-4C7B-BF10-FFAD3489CF78}.Debug|x86.ActiveCfg = Debug|Any CPU
		{E8EB0A2A-5C6A-4C7B-BF10-FFAD3489CF78}.Debug|x86.Build.0 = Debug|Any CPU
		{E8EB0A2A-5C6A-4C7B-BF10-FFAD3489CF78}.Release|Any CPU.ActiveCfg = Release|Any CPU
		{E8EB0A2A-5C6A-4C7B-BF10-FFAD3489CF78}.Release|Any CPU.Build.0 = Release|Any CPU
		{E8EB0A2A-5C6A-4C7B-BF10-FFAD3489CF78}.Release|ARM.ActiveCfg = Release|Any CPU
		{E8EB0A2A-5C6A-4C7B-BF10-FFAD3489CF78}.Release|ARM.Build.0 = Release|Any CPU
		{E8EB0A2A-5C6A-4C7B-BF10-FFAD3489CF78}.Release|iPhone.ActiveCfg = Release|Any CPU
		{E8EB0A2A-5C6A-4C7B-BF10-FFAD3489CF78}.Release|iPhone.Build.0 = Release|Any CPU
		{E8EB0A2A-5C6A-4C7B-BF10-FFAD3489CF78}.Release|iPhoneSimulator.ActiveCfg = Release|Any CPU
		{E8EB0A2A-5C6A-4C7B-BF10-FFAD3489CF78}.Release|iPhoneSimulator.Build.0 = Release|Any CPU
		{E8EB0A2A-5C6A-4C7B-BF10-FFAD3489CF78}.Release|x64.ActiveCfg = Release|Any CPU
		{E8EB0A2A-5C6A-4C7B-BF10-FFAD3489CF78}.Release|x64.Build.0 = Release|Any CPU
		{E8EB0A2A-5C6A-4C7B-BF10-FFAD3489CF78}.Release|x86.ActiveCfg = Release|Any CPU
		{E8EB0A2A-5C6A-4C7B-BF10-FFAD3489CF78}.Release|x86.Build.0 = Release|Any CPU
		{8CC9752E-A68D-412C-BA3B-AC17CEB6BD50}.Ad-Hoc|Any CPU.ActiveCfg = Release|Any CPU
		{8CC9752E-A68D-412C-BA3B-AC17CEB6BD50}.Ad-Hoc|Any CPU.Build.0 = Release|Any CPU
		{8CC9752E-A68D-412C-BA3B-AC17CEB6BD50}.Ad-Hoc|ARM.ActiveCfg = Debug|Any CPU
		{8CC9752E-A68D-412C-BA3B-AC17CEB6BD50}.Ad-Hoc|ARM.Build.0 = Debug|Any CPU
		{8CC9752E-A68D-412C-BA3B-AC17CEB6BD50}.Ad-Hoc|iPhone.ActiveCfg = Release|Any CPU
		{8CC9752E-A68D-412C-BA3B-AC17CEB6BD50}.Ad-Hoc|iPhone.Build.0 = Release|Any CPU
		{8CC9752E-A68D-412C-BA3B-AC17CEB6BD50}.Ad-Hoc|iPhoneSimulator.ActiveCfg = Release|Any CPU
		{8CC9752E-A68D-412C-BA3B-AC17CEB6BD50}.Ad-Hoc|iPhoneSimulator.Build.0 = Release|Any CPU
		{8CC9752E-A68D-412C-BA3B-AC17CEB6BD50}.Ad-Hoc|x64.ActiveCfg = Debug|Any CPU
		{8CC9752E-A68D-412C-BA3B-AC17CEB6BD50}.Ad-Hoc|x64.Build.0 = Debug|Any CPU
		{8CC9752E-A68D-412C-BA3B-AC17CEB6BD50}.Ad-Hoc|x86.ActiveCfg = Debug|Any CPU
		{8CC9752E-A68D-412C-BA3B-AC17CEB6BD50}.Ad-Hoc|x86.Build.0 = Debug|Any CPU
		{8CC9752E-A68D-412C-BA3B-AC17CEB6BD50}.AppStore|Any CPU.ActiveCfg = Release|Any CPU
		{8CC9752E-A68D-412C-BA3B-AC17CEB6BD50}.AppStore|Any CPU.Build.0 = Release|Any CPU
		{8CC9752E-A68D-412C-BA3B-AC17CEB6BD50}.AppStore|ARM.ActiveCfg = Debug|Any CPU
		{8CC9752E-A68D-412C-BA3B-AC17CEB6BD50}.AppStore|ARM.Build.0 = Debug|Any CPU
		{8CC9752E-A68D-412C-BA3B-AC17CEB6BD50}.AppStore|iPhone.ActiveCfg = Release|Any CPU
		{8CC9752E-A68D-412C-BA3B-AC17CEB6BD50}.AppStore|iPhone.Build.0 = Release|Any CPU
		{8CC9752E-A68D-412C-BA3B-AC17CEB6BD50}.AppStore|iPhoneSimulator.ActiveCfg = Release|Any CPU
		{8CC9752E-A68D-412C-BA3B-AC17CEB6BD50}.AppStore|iPhoneSimulator.Build.0 = Release|Any CPU
		{8CC9752E-A68D-412C-BA3B-AC17CEB6BD50}.AppStore|x64.ActiveCfg = Debug|Any CPU
		{8CC9752E-A68D-412C-BA3B-AC17CEB6BD50}.AppStore|x64.Build.0 = Debug|Any CPU
		{8CC9752E-A68D-412C-BA3B-AC17CEB6BD50}.AppStore|x86.ActiveCfg = Debug|Any CPU
		{8CC9752E-A68D-412C-BA3B-AC17CEB6BD50}.AppStore|x86.Build.0 = Debug|Any CPU
		{8CC9752E-A68D-412C-BA3B-AC17CEB6BD50}.Debug|Any CPU.ActiveCfg = Debug|Any CPU
		{8CC9752E-A68D-412C-BA3B-AC17CEB6BD50}.Debug|Any CPU.Build.0 = Debug|Any CPU
		{8CC9752E-A68D-412C-BA3B-AC17CEB6BD50}.Debug|ARM.ActiveCfg = Debug|Any CPU
		{8CC9752E-A68D-412C-BA3B-AC17CEB6BD50}.Debug|ARM.Build.0 = Debug|Any CPU
		{8CC9752E-A68D-412C-BA3B-AC17CEB6BD50}.Debug|iPhone.ActiveCfg = Debug|Any CPU
		{8CC9752E-A68D-412C-BA3B-AC17CEB6BD50}.Debug|iPhone.Build.0 = Debug|Any CPU
		{8CC9752E-A68D-412C-BA3B-AC17CEB6BD50}.Debug|iPhoneSimulator.ActiveCfg = Debug|Any CPU
		{8CC9752E-A68D-412C-BA3B-AC17CEB6BD50}.Debug|iPhoneSimulator.Build.0 = Debug|Any CPU
		{8CC9752E-A68D-412C-BA3B-AC17CEB6BD50}.Debug|x64.ActiveCfg = Debug|Any CPU
		{8CC9752E-A68D-412C-BA3B-AC17CEB6BD50}.Debug|x64.Build.0 = Debug|Any CPU
		{8CC9752E-A68D-412C-BA3B-AC17CEB6BD50}.Debug|x86.ActiveCfg = Debug|Any CPU
		{8CC9752E-A68D-412C-BA3B-AC17CEB6BD50}.Debug|x86.Build.0 = Debug|Any CPU
		{8CC9752E-A68D-412C-BA3B-AC17CEB6BD50}.Release|Any CPU.ActiveCfg = Release|Any CPU
		{8CC9752E-A68D-412C-BA3B-AC17CEB6BD50}.Release|Any CPU.Build.0 = Release|Any CPU
		{8CC9752E-A68D-412C-BA3B-AC17CEB6BD50}.Release|ARM.ActiveCfg = Release|Any CPU
		{8CC9752E-A68D-412C-BA3B-AC17CEB6BD50}.Release|ARM.Build.0 = Release|Any CPU
		{8CC9752E-A68D-412C-BA3B-AC17CEB6BD50}.Release|iPhone.ActiveCfg = Release|Any CPU
		{8CC9752E-A68D-412C-BA3B-AC17CEB6BD50}.Release|iPhone.Build.0 = Release|Any CPU
		{8CC9752E-A68D-412C-BA3B-AC17CEB6BD50}.Release|iPhoneSimulator.ActiveCfg = Release|Any CPU
		{8CC9752E-A68D-412C-BA3B-AC17CEB6BD50}.Release|iPhoneSimulator.Build.0 = Release|Any CPU
		{8CC9752E-A68D-412C-BA3B-AC17CEB6BD50}.Release|x64.ActiveCfg = Release|Any CPU
		{8CC9752E-A68D-412C-BA3B-AC17CEB6BD50}.Release|x64.Build.0 = Release|Any CPU
		{8CC9752E-A68D-412C-BA3B-AC17CEB6BD50}.Release|x86.ActiveCfg = Release|Any CPU
		{8CC9752E-A68D-412C-BA3B-AC17CEB6BD50}.Release|x86.Build.0 = Release|Any CPU
		{64D050AC-8051-4949-825E-DBE6727BAB47}.Ad-Hoc|Any CPU.ActiveCfg = Release|Any CPU
		{64D050AC-8051-4949-825E-DBE6727BAB47}.Ad-Hoc|Any CPU.Build.0 = Release|Any CPU
		{64D050AC-8051-4949-825E-DBE6727BAB47}.Ad-Hoc|ARM.ActiveCfg = Debug|Any CPU
		{64D050AC-8051-4949-825E-DBE6727BAB47}.Ad-Hoc|ARM.Build.0 = Debug|Any CPU
		{64D050AC-8051-4949-825E-DBE6727BAB47}.Ad-Hoc|iPhone.ActiveCfg = Release|Any CPU
		{64D050AC-8051-4949-825E-DBE6727BAB47}.Ad-Hoc|iPhone.Build.0 = Release|Any CPU
		{64D050AC-8051-4949-825E-DBE6727BAB47}.Ad-Hoc|iPhoneSimulator.ActiveCfg = Release|Any CPU
		{64D050AC-8051-4949-825E-DBE6727BAB47}.Ad-Hoc|iPhoneSimulator.Build.0 = Release|Any CPU
		{64D050AC-8051-4949-825E-DBE6727BAB47}.Ad-Hoc|x64.ActiveCfg = Debug|Any CPU
		{64D050AC-8051-4949-825E-DBE6727BAB47}.Ad-Hoc|x64.Build.0 = Debug|Any CPU
		{64D050AC-8051-4949-825E-DBE6727BAB47}.Ad-Hoc|x86.ActiveCfg = Debug|Any CPU
		{64D050AC-8051-4949-825E-DBE6727BAB47}.Ad-Hoc|x86.Build.0 = Debug|Any CPU
		{64D050AC-8051-4949-825E-DBE6727BAB47}.AppStore|Any CPU.ActiveCfg = Release|Any CPU
		{64D050AC-8051-4949-825E-DBE6727BAB47}.AppStore|Any CPU.Build.0 = Release|Any CPU
		{64D050AC-8051-4949-825E-DBE6727BAB47}.AppStore|ARM.ActiveCfg = Debug|Any CPU
		{64D050AC-8051-4949-825E-DBE6727BAB47}.AppStore|ARM.Build.0 = Debug|Any CPU
		{64D050AC-8051-4949-825E-DBE6727BAB47}.AppStore|iPhone.ActiveCfg = Release|Any CPU
		{64D050AC-8051-4949-825E-DBE6727BAB47}.AppStore|iPhone.Build.0 = Release|Any CPU
		{64D050AC-8051-4949-825E-DBE6727BAB47}.AppStore|iPhoneSimulator.ActiveCfg = Release|Any CPU
		{64D050AC-8051-4949-825E-DBE6727BAB47}.AppStore|iPhoneSimulator.Build.0 = Release|Any CPU
		{64D050AC-8051-4949-825E-DBE6727BAB47}.AppStore|x64.ActiveCfg = Debug|Any CPU
		{64D050AC-8051-4949-825E-DBE6727BAB47}.AppStore|x64.Build.0 = Debug|Any CPU
		{64D050AC-8051-4949-825E-DBE6727BAB47}.AppStore|x86.ActiveCfg = Debug|Any CPU
		{64D050AC-8051-4949-825E-DBE6727BAB47}.AppStore|x86.Build.0 = Debug|Any CPU
		{64D050AC-8051-4949-825E-DBE6727BAB47}.Debug|Any CPU.ActiveCfg = Debug|Any CPU
		{64D050AC-8051-4949-825E-DBE6727BAB47}.Debug|Any CPU.Build.0 = Debug|Any CPU
		{64D050AC-8051-4949-825E-DBE6727BAB47}.Debug|ARM.ActiveCfg = Debug|Any CPU
		{64D050AC-8051-4949-825E-DBE6727BAB47}.Debug|ARM.Build.0 = Debug|Any CPU
		{64D050AC-8051-4949-825E-DBE6727BAB47}.Debug|iPhone.ActiveCfg = Debug|Any CPU
		{64D050AC-8051-4949-825E-DBE6727BAB47}.Debug|iPhone.Build.0 = Debug|Any CPU
		{64D050AC-8051-4949-825E-DBE6727BAB47}.Debug|iPhoneSimulator.ActiveCfg = Debug|Any CPU
		{64D050AC-8051-4949-825E-DBE6727BAB47}.Debug|iPhoneSimulator.Build.0 = Debug|Any CPU
		{64D050AC-8051-4949-825E-DBE6727BAB47}.Debug|x64.ActiveCfg = Debug|Any CPU
		{64D050AC-8051-4949-825E-DBE6727BAB47}.Debug|x64.Build.0 = Debug|Any CPU
		{64D050AC-8051-4949-825E-DBE6727BAB47}.Debug|x86.ActiveCfg = Debug|Any CPU
		{64D050AC-8051-4949-825E-DBE6727BAB47}.Debug|x86.Build.0 = Debug|Any CPU
		{64D050AC-8051-4949-825E-DBE6727BAB47}.Release|Any CPU.ActiveCfg = Release|Any CPU
		{64D050AC-8051-4949-825E-DBE6727BAB47}.Release|Any CPU.Build.0 = Release|Any CPU
		{64D050AC-8051-4949-825E-DBE6727BAB47}.Release|ARM.ActiveCfg = Release|Any CPU
		{64D050AC-8051-4949-825E-DBE6727BAB47}.Release|ARM.Build.0 = Release|Any CPU
		{64D050AC-8051-4949-825E-DBE6727BAB47}.Release|iPhone.ActiveCfg = Release|Any CPU
		{64D050AC-8051-4949-825E-DBE6727BAB47}.Release|iPhone.Build.0 = Release|Any CPU
		{64D050AC-8051-4949-825E-DBE6727BAB47}.Release|iPhoneSimulator.ActiveCfg = Release|Any CPU
		{64D050AC-8051-4949-825E-DBE6727BAB47}.Release|iPhoneSimulator.Build.0 = Release|Any CPU
		{64D050AC-8051-4949-825E-DBE6727BAB47}.Release|x64.ActiveCfg = Release|Any CPU
		{64D050AC-8051-4949-825E-DBE6727BAB47}.Release|x64.Build.0 = Release|Any CPU
		{64D050AC-8051-4949-825E-DBE6727BAB47}.Release|x86.ActiveCfg = Release|Any CPU
		{64D050AC-8051-4949-825E-DBE6727BAB47}.Release|x86.Build.0 = Release|Any CPU
		{C08F6D02-248A-49DE-A1C9-AE81663BD512}.Ad-Hoc|Any CPU.ActiveCfg = Release|Any CPU
		{C08F6D02-248A-49DE-A1C9-AE81663BD512}.Ad-Hoc|Any CPU.Build.0 = Release|Any CPU
		{C08F6D02-248A-49DE-A1C9-AE81663BD512}.Ad-Hoc|ARM.ActiveCfg = Debug|Any CPU
		{C08F6D02-248A-49DE-A1C9-AE81663BD512}.Ad-Hoc|ARM.Build.0 = Debug|Any CPU
		{C08F6D02-248A-49DE-A1C9-AE81663BD512}.Ad-Hoc|iPhone.ActiveCfg = Release|Any CPU
		{C08F6D02-248A-49DE-A1C9-AE81663BD512}.Ad-Hoc|iPhone.Build.0 = Release|Any CPU
		{C08F6D02-248A-49DE-A1C9-AE81663BD512}.Ad-Hoc|iPhoneSimulator.ActiveCfg = Release|Any CPU
		{C08F6D02-248A-49DE-A1C9-AE81663BD512}.Ad-Hoc|iPhoneSimulator.Build.0 = Release|Any CPU
		{C08F6D02-248A-49DE-A1C9-AE81663BD512}.Ad-Hoc|x64.ActiveCfg = Debug|Any CPU
		{C08F6D02-248A-49DE-A1C9-AE81663BD512}.Ad-Hoc|x64.Build.0 = Debug|Any CPU
		{C08F6D02-248A-49DE-A1C9-AE81663BD512}.Ad-Hoc|x86.ActiveCfg = Debug|Any CPU
		{C08F6D02-248A-49DE-A1C9-AE81663BD512}.Ad-Hoc|x86.Build.0 = Debug|Any CPU
		{C08F6D02-248A-49DE-A1C9-AE81663BD512}.AppStore|Any CPU.ActiveCfg = Release|Any CPU
		{C08F6D02-248A-49DE-A1C9-AE81663BD512}.AppStore|Any CPU.Build.0 = Release|Any CPU
		{C08F6D02-248A-49DE-A1C9-AE81663BD512}.AppStore|ARM.ActiveCfg = Debug|Any CPU
		{C08F6D02-248A-49DE-A1C9-AE81663BD512}.AppStore|ARM.Build.0 = Debug|Any CPU
		{C08F6D02-248A-49DE-A1C9-AE81663BD512}.AppStore|iPhone.ActiveCfg = Release|Any CPU
		{C08F6D02-248A-49DE-A1C9-AE81663BD512}.AppStore|iPhone.Build.0 = Release|Any CPU
		{C08F6D02-248A-49DE-A1C9-AE81663BD512}.AppStore|iPhoneSimulator.ActiveCfg = Release|Any CPU
		{C08F6D02-248A-49DE-A1C9-AE81663BD512}.AppStore|iPhoneSimulator.Build.0 = Release|Any CPU
		{C08F6D02-248A-49DE-A1C9-AE81663BD512}.AppStore|x64.ActiveCfg = Debug|Any CPU
		{C08F6D02-248A-49DE-A1C9-AE81663BD512}.AppStore|x64.Build.0 = Debug|Any CPU
		{C08F6D02-248A-49DE-A1C9-AE81663BD512}.AppStore|x86.ActiveCfg = Debug|Any CPU
		{C08F6D02-248A-49DE-A1C9-AE81663BD512}.AppStore|x86.Build.0 = Debug|Any CPU
		{C08F6D02-248A-49DE-A1C9-AE81663BD512}.Debug|Any CPU.ActiveCfg = Debug|Any CPU
		{C08F6D02-248A-49DE-A1C9-AE81663BD512}.Debug|Any CPU.Build.0 = Debug|Any CPU
		{C08F6D02-248A-49DE-A1C9-AE81663BD512}.Debug|ARM.ActiveCfg = Debug|Any CPU
		{C08F6D02-248A-49DE-A1C9-AE81663BD512}.Debug|ARM.Build.0 = Debug|Any CPU
		{C08F6D02-248A-49DE-A1C9-AE81663BD512}.Debug|iPhone.ActiveCfg = Debug|Any CPU
		{C08F6D02-248A-49DE-A1C9-AE81663BD512}.Debug|iPhone.Build.0 = Debug|Any CPU
		{C08F6D02-248A-49DE-A1C9-AE81663BD512}.Debug|iPhoneSimulator.ActiveCfg = Debug|Any CPU
		{C08F6D02-248A-49DE-A1C9-AE81663BD512}.Debug|iPhoneSimulator.Build.0 = Debug|Any CPU
		{C08F6D02-248A-49DE-A1C9-AE81663BD512}.Debug|x64.ActiveCfg = Debug|Any CPU
		{C08F6D02-248A-49DE-A1C9-AE81663BD512}.Debug|x64.Build.0 = Debug|Any CPU
		{C08F6D02-248A-49DE-A1C9-AE81663BD512}.Debug|x86.ActiveCfg = Debug|Any CPU
		{C08F6D02-248A-49DE-A1C9-AE81663BD512}.Debug|x86.Build.0 = Debug|Any CPU
		{C08F6D02-248A-49DE-A1C9-AE81663BD512}.Release|Any CPU.ActiveCfg = Release|Any CPU
		{C08F6D02-248A-49DE-A1C9-AE81663BD512}.Release|Any CPU.Build.0 = Release|Any CPU
		{C08F6D02-248A-49DE-A1C9-AE81663BD512}.Release|ARM.ActiveCfg = Release|Any CPU
		{C08F6D02-248A-49DE-A1C9-AE81663BD512}.Release|ARM.Build.0 = Release|Any CPU
		{C08F6D02-248A-49DE-A1C9-AE81663BD512}.Release|iPhone.ActiveCfg = Release|Any CPU
		{C08F6D02-248A-49DE-A1C9-AE81663BD512}.Release|iPhone.Build.0 = Release|Any CPU
		{C08F6D02-248A-49DE-A1C9-AE81663BD512}.Release|iPhoneSimulator.ActiveCfg = Release|Any CPU
		{C08F6D02-248A-49DE-A1C9-AE81663BD512}.Release|iPhoneSimulator.Build.0 = Release|Any CPU
		{C08F6D02-248A-49DE-A1C9-AE81663BD512}.Release|x64.ActiveCfg = Release|Any CPU
		{C08F6D02-248A-49DE-A1C9-AE81663BD512}.Release|x64.Build.0 = Release|Any CPU
		{C08F6D02-248A-49DE-A1C9-AE81663BD512}.Release|x86.ActiveCfg = Release|Any CPU
		{C08F6D02-248A-49DE-A1C9-AE81663BD512}.Release|x86.Build.0 = Release|Any CPU
		{272AB01F-3EB7-4DDF-8CB2-CEFCC0981937}.Ad-Hoc|Any CPU.ActiveCfg = Release|Any CPU
		{272AB01F-3EB7-4DDF-8CB2-CEFCC0981937}.Ad-Hoc|Any CPU.Build.0 = Release|Any CPU
		{272AB01F-3EB7-4DDF-8CB2-CEFCC0981937}.Ad-Hoc|ARM.ActiveCfg = Debug|Any CPU
		{272AB01F-3EB7-4DDF-8CB2-CEFCC0981937}.Ad-Hoc|ARM.Build.0 = Debug|Any CPU
		{272AB01F-3EB7-4DDF-8CB2-CEFCC0981937}.Ad-Hoc|iPhone.ActiveCfg = Release|Any CPU
		{272AB01F-3EB7-4DDF-8CB2-CEFCC0981937}.Ad-Hoc|iPhone.Build.0 = Release|Any CPU
		{272AB01F-3EB7-4DDF-8CB2-CEFCC0981937}.Ad-Hoc|iPhoneSimulator.ActiveCfg = Release|Any CPU
		{272AB01F-3EB7-4DDF-8CB2-CEFCC0981937}.Ad-Hoc|iPhoneSimulator.Build.0 = Release|Any CPU
		{272AB01F-3EB7-4DDF-8CB2-CEFCC0981937}.Ad-Hoc|x64.ActiveCfg = Debug|Any CPU
		{272AB01F-3EB7-4DDF-8CB2-CEFCC0981937}.Ad-Hoc|x64.Build.0 = Debug|Any CPU
		{272AB01F-3EB7-4DDF-8CB2-CEFCC0981937}.Ad-Hoc|x86.ActiveCfg = Debug|Any CPU
		{272AB01F-3EB7-4DDF-8CB2-CEFCC0981937}.Ad-Hoc|x86.Build.0 = Debug|Any CPU
		{272AB01F-3EB7-4DDF-8CB2-CEFCC0981937}.AppStore|Any CPU.ActiveCfg = Release|Any CPU
		{272AB01F-3EB7-4DDF-8CB2-CEFCC0981937}.AppStore|Any CPU.Build.0 = Release|Any CPU
		{272AB01F-3EB7-4DDF-8CB2-CEFCC0981937}.AppStore|ARM.ActiveCfg = Debug|Any CPU
		{272AB01F-3EB7-4DDF-8CB2-CEFCC0981937}.AppStore|ARM.Build.0 = Debug|Any CPU
		{272AB01F-3EB7-4DDF-8CB2-CEFCC0981937}.AppStore|iPhone.ActiveCfg = Release|Any CPU
		{272AB01F-3EB7-4DDF-8CB2-CEFCC0981937}.AppStore|iPhone.Build.0 = Release|Any CPU
		{272AB01F-3EB7-4DDF-8CB2-CEFCC0981937}.AppStore|iPhoneSimulator.ActiveCfg = Release|Any CPU
		{272AB01F-3EB7-4DDF-8CB2-CEFCC0981937}.AppStore|iPhoneSimulator.Build.0 = Release|Any CPU
		{272AB01F-3EB7-4DDF-8CB2-CEFCC0981937}.AppStore|x64.ActiveCfg = Debug|Any CPU
		{272AB01F-3EB7-4DDF-8CB2-CEFCC0981937}.AppStore|x64.Build.0 = Debug|Any CPU
		{272AB01F-3EB7-4DDF-8CB2-CEFCC0981937}.AppStore|x86.ActiveCfg = Debug|Any CPU
		{272AB01F-3EB7-4DDF-8CB2-CEFCC0981937}.AppStore|x86.Build.0 = Debug|Any CPU
		{272AB01F-3EB7-4DDF-8CB2-CEFCC0981937}.Debug|Any CPU.ActiveCfg = Debug|Any CPU
		{272AB01F-3EB7-4DDF-8CB2-CEFCC0981937}.Debug|Any CPU.Build.0 = Debug|Any CPU
		{272AB01F-3EB7-4DDF-8CB2-CEFCC0981937}.Debug|ARM.ActiveCfg = Debug|Any CPU
		{272AB01F-3EB7-4DDF-8CB2-CEFCC0981937}.Debug|ARM.Build.0 = Debug|Any CPU
		{272AB01F-3EB7-4DDF-8CB2-CEFCC0981937}.Debug|iPhone.ActiveCfg = Debug|Any CPU
		{272AB01F-3EB7-4DDF-8CB2-CEFCC0981937}.Debug|iPhone.Build.0 = Debug|Any CPU
		{272AB01F-3EB7-4DDF-8CB2-CEFCC0981937}.Debug|iPhoneSimulator.ActiveCfg = Debug|Any CPU
		{272AB01F-3EB7-4DDF-8CB2-CEFCC0981937}.Debug|iPhoneSimulator.Build.0 = Debug|Any CPU
		{272AB01F-3EB7-4DDF-8CB2-CEFCC0981937}.Debug|x64.ActiveCfg = Debug|Any CPU
		{272AB01F-3EB7-4DDF-8CB2-CEFCC0981937}.Debug|x64.Build.0 = Debug|Any CPU
		{272AB01F-3EB7-4DDF-8CB2-CEFCC0981937}.Debug|x86.ActiveCfg = Debug|Any CPU
		{272AB01F-3EB7-4DDF-8CB2-CEFCC0981937}.Debug|x86.Build.0 = Debug|Any CPU
		{272AB01F-3EB7-4DDF-8CB2-CEFCC0981937}.Release|Any CPU.ActiveCfg = Release|Any CPU
		{272AB01F-3EB7-4DDF-8CB2-CEFCC0981937}.Release|Any CPU.Build.0 = Release|Any CPU
		{272AB01F-3EB7-4DDF-8CB2-CEFCC0981937}.Release|ARM.ActiveCfg = Release|Any CPU
		{272AB01F-3EB7-4DDF-8CB2-CEFCC0981937}.Release|ARM.Build.0 = Release|Any CPU
		{272AB01F-3EB7-4DDF-8CB2-CEFCC0981937}.Release|iPhone.ActiveCfg = Release|Any CPU
		{272AB01F-3EB7-4DDF-8CB2-CEFCC0981937}.Release|iPhone.Build.0 = Release|Any CPU
		{272AB01F-3EB7-4DDF-8CB2-CEFCC0981937}.Release|iPhoneSimulator.ActiveCfg = Release|Any CPU
		{272AB01F-3EB7-4DDF-8CB2-CEFCC0981937}.Release|iPhoneSimulator.Build.0 = Release|Any CPU
		{272AB01F-3EB7-4DDF-8CB2-CEFCC0981937}.Release|x64.ActiveCfg = Release|Any CPU
		{272AB01F-3EB7-4DDF-8CB2-CEFCC0981937}.Release|x64.Build.0 = Release|Any CPU
		{272AB01F-3EB7-4DDF-8CB2-CEFCC0981937}.Release|x86.ActiveCfg = Release|Any CPU
		{272AB01F-3EB7-4DDF-8CB2-CEFCC0981937}.Release|x86.Build.0 = Release|Any CPU
		{6A833D6C-2245-4B48-BDE3-8AB8A74321CD}.Ad-Hoc|Any CPU.ActiveCfg = Release|x64
		{6A833D6C-2245-4B48-BDE3-8AB8A74321CD}.Ad-Hoc|Any CPU.Build.0 = Release|x64
		{6A833D6C-2245-4B48-BDE3-8AB8A74321CD}.Ad-Hoc|Any CPU.Deploy.0 = Release|x64
		{6A833D6C-2245-4B48-BDE3-8AB8A74321CD}.Ad-Hoc|ARM.ActiveCfg = Release|ARM
		{6A833D6C-2245-4B48-BDE3-8AB8A74321CD}.Ad-Hoc|ARM.Build.0 = Release|ARM
		{6A833D6C-2245-4B48-BDE3-8AB8A74321CD}.Ad-Hoc|ARM.Deploy.0 = Release|ARM
		{6A833D6C-2245-4B48-BDE3-8AB8A74321CD}.Ad-Hoc|iPhone.ActiveCfg = Release|x64
		{6A833D6C-2245-4B48-BDE3-8AB8A74321CD}.Ad-Hoc|iPhone.Build.0 = Release|x64
		{6A833D6C-2245-4B48-BDE3-8AB8A74321CD}.Ad-Hoc|iPhone.Deploy.0 = Release|x64
		{6A833D6C-2245-4B48-BDE3-8AB8A74321CD}.Ad-Hoc|iPhoneSimulator.ActiveCfg = Release|x64
		{6A833D6C-2245-4B48-BDE3-8AB8A74321CD}.Ad-Hoc|iPhoneSimulator.Build.0 = Release|x64
		{6A833D6C-2245-4B48-BDE3-8AB8A74321CD}.Ad-Hoc|iPhoneSimulator.Deploy.0 = Release|x64
		{6A833D6C-2245-4B48-BDE3-8AB8A74321CD}.Ad-Hoc|x64.ActiveCfg = Release|x64
		{6A833D6C-2245-4B48-BDE3-8AB8A74321CD}.Ad-Hoc|x64.Build.0 = Release|x64
		{6A833D6C-2245-4B48-BDE3-8AB8A74321CD}.Ad-Hoc|x64.Deploy.0 = Release|x64
		{6A833D6C-2245-4B48-BDE3-8AB8A74321CD}.Ad-Hoc|x86.ActiveCfg = Release|x86
		{6A833D6C-2245-4B48-BDE3-8AB8A74321CD}.Ad-Hoc|x86.Build.0 = Release|x86
		{6A833D6C-2245-4B48-BDE3-8AB8A74321CD}.Ad-Hoc|x86.Deploy.0 = Release|x86
		{6A833D6C-2245-4B48-BDE3-8AB8A74321CD}.AppStore|Any CPU.ActiveCfg = Release|x64
		{6A833D6C-2245-4B48-BDE3-8AB8A74321CD}.AppStore|Any CPU.Build.0 = Release|x64
		{6A833D6C-2245-4B48-BDE3-8AB8A74321CD}.AppStore|Any CPU.Deploy.0 = Release|x64
		{6A833D6C-2245-4B48-BDE3-8AB8A74321CD}.AppStore|ARM.ActiveCfg = Release|ARM
		{6A833D6C-2245-4B48-BDE3-8AB8A74321CD}.AppStore|ARM.Build.0 = Release|ARM
		{6A833D6C-2245-4B48-BDE3-8AB8A74321CD}.AppStore|ARM.Deploy.0 = Release|ARM
		{6A833D6C-2245-4B48-BDE3-8AB8A74321CD}.AppStore|iPhone.ActiveCfg = Release|x64
		{6A833D6C-2245-4B48-BDE3-8AB8A74321CD}.AppStore|iPhone.Build.0 = Release|x64
		{6A833D6C-2245-4B48-BDE3-8AB8A74321CD}.AppStore|iPhone.Deploy.0 = Release|x64
		{6A833D6C-2245-4B48-BDE3-8AB8A74321CD}.AppStore|iPhoneSimulator.ActiveCfg = Release|x64
		{6A833D6C-2245-4B48-BDE3-8AB8A74321CD}.AppStore|iPhoneSimulator.Build.0 = Release|x64
		{6A833D6C-2245-4B48-BDE3-8AB8A74321CD}.AppStore|iPhoneSimulator.Deploy.0 = Release|x64
		{6A833D6C-2245-4B48-BDE3-8AB8A74321CD}.AppStore|x64.ActiveCfg = Release|x64
		{6A833D6C-2245-4B48-BDE3-8AB8A74321CD}.AppStore|x64.Build.0 = Release|x64
		{6A833D6C-2245-4B48-BDE3-8AB8A74321CD}.AppStore|x64.Deploy.0 = Release|x64
		{6A833D6C-2245-4B48-BDE3-8AB8A74321CD}.AppStore|x86.ActiveCfg = Release|x86
		{6A833D6C-2245-4B48-BDE3-8AB8A74321CD}.AppStore|x86.Build.0 = Release|x86
		{6A833D6C-2245-4B48-BDE3-8AB8A74321CD}.AppStore|x86.Deploy.0 = Release|x86
		{6A833D6C-2245-4B48-BDE3-8AB8A74321CD}.Debug|Any CPU.ActiveCfg = Debug|x86
		{6A833D6C-2245-4B48-BDE3-8AB8A74321CD}.Debug|ARM.ActiveCfg = Debug|ARM
		{6A833D6C-2245-4B48-BDE3-8AB8A74321CD}.Debug|ARM.Build.0 = Debug|ARM
		{6A833D6C-2245-4B48-BDE3-8AB8A74321CD}.Debug|ARM.Deploy.0 = Debug|ARM
		{6A833D6C-2245-4B48-BDE3-8AB8A74321CD}.Debug|iPhone.ActiveCfg = Debug|x86
		{6A833D6C-2245-4B48-BDE3-8AB8A74321CD}.Debug|iPhoneSimulator.ActiveCfg = Debug|x86
		{6A833D6C-2245-4B48-BDE3-8AB8A74321CD}.Debug|x64.ActiveCfg = Debug|x64
		{6A833D6C-2245-4B48-BDE3-8AB8A74321CD}.Debug|x64.Build.0 = Debug|x64
		{6A833D6C-2245-4B48-BDE3-8AB8A74321CD}.Debug|x64.Deploy.0 = Debug|x64
		{6A833D6C-2245-4B48-BDE3-8AB8A74321CD}.Debug|x86.ActiveCfg = Debug|x86
		{6A833D6C-2245-4B48-BDE3-8AB8A74321CD}.Debug|x86.Build.0 = Debug|x86
		{6A833D6C-2245-4B48-BDE3-8AB8A74321CD}.Debug|x86.Deploy.0 = Debug|x86
		{6A833D6C-2245-4B48-BDE3-8AB8A74321CD}.Release|Any CPU.ActiveCfg = Release|x86
		{6A833D6C-2245-4B48-BDE3-8AB8A74321CD}.Release|ARM.ActiveCfg = Release|ARM
		{6A833D6C-2245-4B48-BDE3-8AB8A74321CD}.Release|ARM.Build.0 = Release|ARM
		{6A833D6C-2245-4B48-BDE3-8AB8A74321CD}.Release|ARM.Deploy.0 = Release|ARM
		{6A833D6C-2245-4B48-BDE3-8AB8A74321CD}.Release|iPhone.ActiveCfg = Release|x86
		{6A833D6C-2245-4B48-BDE3-8AB8A74321CD}.Release|iPhoneSimulator.ActiveCfg = Release|x86
		{6A833D6C-2245-4B48-BDE3-8AB8A74321CD}.Release|x64.ActiveCfg = Release|x64
		{6A833D6C-2245-4B48-BDE3-8AB8A74321CD}.Release|x64.Build.0 = Release|x64
		{6A833D6C-2245-4B48-BDE3-8AB8A74321CD}.Release|x64.Deploy.0 = Release|x64
		{6A833D6C-2245-4B48-BDE3-8AB8A74321CD}.Release|x86.ActiveCfg = Release|x86
		{6A833D6C-2245-4B48-BDE3-8AB8A74321CD}.Release|x86.Build.0 = Release|x86
		{6A833D6C-2245-4B48-BDE3-8AB8A74321CD}.Release|x86.Deploy.0 = Release|x86
		{913B367C-1340-4F69-A7BC-8427D11D4011}.Ad-Hoc|Any CPU.ActiveCfg = Release|Any CPU
		{913B367C-1340-4F69-A7BC-8427D11D4011}.Ad-Hoc|Any CPU.Build.0 = Release|Any CPU
		{913B367C-1340-4F69-A7BC-8427D11D4011}.Ad-Hoc|ARM.ActiveCfg = Release|Any CPU
		{913B367C-1340-4F69-A7BC-8427D11D4011}.Ad-Hoc|ARM.Build.0 = Release|Any CPU
		{913B367C-1340-4F69-A7BC-8427D11D4011}.Ad-Hoc|iPhone.ActiveCfg = Release|Any CPU
		{913B367C-1340-4F69-A7BC-8427D11D4011}.Ad-Hoc|iPhone.Build.0 = Release|Any CPU
		{913B367C-1340-4F69-A7BC-8427D11D4011}.Ad-Hoc|iPhoneSimulator.ActiveCfg = Release|Any CPU
		{913B367C-1340-4F69-A7BC-8427D11D4011}.Ad-Hoc|iPhoneSimulator.Build.0 = Release|Any CPU
		{913B367C-1340-4F69-A7BC-8427D11D4011}.Ad-Hoc|x64.ActiveCfg = Release|Any CPU
		{913B367C-1340-4F69-A7BC-8427D11D4011}.Ad-Hoc|x64.Build.0 = Release|Any CPU
		{913B367C-1340-4F69-A7BC-8427D11D4011}.Ad-Hoc|x86.ActiveCfg = Release|Any CPU
		{913B367C-1340-4F69-A7BC-8427D11D4011}.Ad-Hoc|x86.Build.0 = Release|Any CPU
		{913B367C-1340-4F69-A7BC-8427D11D4011}.AppStore|Any CPU.ActiveCfg = Release|Any CPU
		{913B367C-1340-4F69-A7BC-8427D11D4011}.AppStore|Any CPU.Build.0 = Release|Any CPU
		{913B367C-1340-4F69-A7BC-8427D11D4011}.AppStore|ARM.ActiveCfg = Release|Any CPU
		{913B367C-1340-4F69-A7BC-8427D11D4011}.AppStore|ARM.Build.0 = Release|Any CPU
		{913B367C-1340-4F69-A7BC-8427D11D4011}.AppStore|iPhone.ActiveCfg = Release|Any CPU
		{913B367C-1340-4F69-A7BC-8427D11D4011}.AppStore|iPhone.Build.0 = Release|Any CPU
		{913B367C-1340-4F69-A7BC-8427D11D4011}.AppStore|iPhoneSimulator.ActiveCfg = Release|Any CPU
		{913B367C-1340-4F69-A7BC-8427D11D4011}.AppStore|iPhoneSimulator.Build.0 = Release|Any CPU
		{913B367C-1340-4F69-A7BC-8427D11D4011}.AppStore|x64.ActiveCfg = Release|Any CPU
		{913B367C-1340-4F69-A7BC-8427D11D4011}.AppStore|x64.Build.0 = Release|Any CPU
		{913B367C-1340-4F69-A7BC-8427D11D4011}.AppStore|x86.ActiveCfg = Release|Any CPU
		{913B367C-1340-4F69-A7BC-8427D11D4011}.AppStore|x86.Build.0 = Release|Any CPU
		{913B367C-1340-4F69-A7BC-8427D11D4011}.Debug|Any CPU.ActiveCfg = Debug|Any CPU
		{913B367C-1340-4F69-A7BC-8427D11D4011}.Debug|Any CPU.Build.0 = Debug|Any CPU
		{913B367C-1340-4F69-A7BC-8427D11D4011}.Debug|ARM.ActiveCfg = Debug|Any CPU
		{913B367C-1340-4F69-A7BC-8427D11D4011}.Debug|ARM.Build.0 = Debug|Any CPU
		{913B367C-1340-4F69-A7BC-8427D11D4011}.Debug|iPhone.ActiveCfg = Debug|Any CPU
		{913B367C-1340-4F69-A7BC-8427D11D4011}.Debug|iPhone.Build.0 = Debug|Any CPU
		{913B367C-1340-4F69-A7BC-8427D11D4011}.Debug|iPhoneSimulator.ActiveCfg = Debug|Any CPU
		{913B367C-1340-4F69-A7BC-8427D11D4011}.Debug|iPhoneSimulator.Build.0 = Debug|Any CPU
		{913B367C-1340-4F69-A7BC-8427D11D4011}.Debug|x64.ActiveCfg = Debug|Any CPU
		{913B367C-1340-4F69-A7BC-8427D11D4011}.Debug|x64.Build.0 = Debug|Any CPU
		{913B367C-1340-4F69-A7BC-8427D11D4011}.Debug|x86.ActiveCfg = Debug|Any CPU
		{913B367C-1340-4F69-A7BC-8427D11D4011}.Debug|x86.Build.0 = Debug|Any CPU
		{913B367C-1340-4F69-A7BC-8427D11D4011}.Release|Any CPU.ActiveCfg = Release|Any CPU
		{913B367C-1340-4F69-A7BC-8427D11D4011}.Release|Any CPU.Build.0 = Release|Any CPU
		{913B367C-1340-4F69-A7BC-8427D11D4011}.Release|ARM.ActiveCfg = Release|Any CPU
		{913B367C-1340-4F69-A7BC-8427D11D4011}.Release|ARM.Build.0 = Release|Any CPU
		{913B367C-1340-4F69-A7BC-8427D11D4011}.Release|iPhone.ActiveCfg = Release|Any CPU
		{913B367C-1340-4F69-A7BC-8427D11D4011}.Release|iPhone.Build.0 = Release|Any CPU
		{913B367C-1340-4F69-A7BC-8427D11D4011}.Release|iPhoneSimulator.ActiveCfg = Release|Any CPU
		{913B367C-1340-4F69-A7BC-8427D11D4011}.Release|iPhoneSimulator.Build.0 = Release|Any CPU
		{913B367C-1340-4F69-A7BC-8427D11D4011}.Release|x64.ActiveCfg = Release|Any CPU
		{913B367C-1340-4F69-A7BC-8427D11D4011}.Release|x64.Build.0 = Release|Any CPU
		{913B367C-1340-4F69-A7BC-8427D11D4011}.Release|x86.ActiveCfg = Release|Any CPU
		{913B367C-1340-4F69-A7BC-8427D11D4011}.Release|x86.Build.0 = Release|Any CPU
		{D1FCE23A-7D48-470E-81E1-882163D15E0E}.Ad-Hoc|Any CPU.ActiveCfg = Release|Any CPU
		{D1FCE23A-7D48-470E-81E1-882163D15E0E}.Ad-Hoc|Any CPU.Build.0 = Release|Any CPU
		{D1FCE23A-7D48-470E-81E1-882163D15E0E}.Ad-Hoc|ARM.ActiveCfg = Release|Any CPU
		{D1FCE23A-7D48-470E-81E1-882163D15E0E}.Ad-Hoc|ARM.Build.0 = Release|Any CPU
		{D1FCE23A-7D48-470E-81E1-882163D15E0E}.Ad-Hoc|iPhone.ActiveCfg = Release|Any CPU
		{D1FCE23A-7D48-470E-81E1-882163D15E0E}.Ad-Hoc|iPhone.Build.0 = Release|Any CPU
		{D1FCE23A-7D48-470E-81E1-882163D15E0E}.Ad-Hoc|iPhoneSimulator.ActiveCfg = Release|Any CPU
		{D1FCE23A-7D48-470E-81E1-882163D15E0E}.Ad-Hoc|iPhoneSimulator.Build.0 = Release|Any CPU
		{D1FCE23A-7D48-470E-81E1-882163D15E0E}.Ad-Hoc|x64.ActiveCfg = Release|Any CPU
		{D1FCE23A-7D48-470E-81E1-882163D15E0E}.Ad-Hoc|x64.Build.0 = Release|Any CPU
		{D1FCE23A-7D48-470E-81E1-882163D15E0E}.Ad-Hoc|x86.ActiveCfg = Release|Any CPU
		{D1FCE23A-7D48-470E-81E1-882163D15E0E}.Ad-Hoc|x86.Build.0 = Release|Any CPU
		{D1FCE23A-7D48-470E-81E1-882163D15E0E}.AppStore|Any CPU.ActiveCfg = Release|Any CPU
		{D1FCE23A-7D48-470E-81E1-882163D15E0E}.AppStore|Any CPU.Build.0 = Release|Any CPU
		{D1FCE23A-7D48-470E-81E1-882163D15E0E}.AppStore|ARM.ActiveCfg = Release|Any CPU
		{D1FCE23A-7D48-470E-81E1-882163D15E0E}.AppStore|ARM.Build.0 = Release|Any CPU
		{D1FCE23A-7D48-470E-81E1-882163D15E0E}.AppStore|iPhone.ActiveCfg = Release|Any CPU
		{D1FCE23A-7D48-470E-81E1-882163D15E0E}.AppStore|iPhone.Build.0 = Release|Any CPU
		{D1FCE23A-7D48-470E-81E1-882163D15E0E}.AppStore|iPhoneSimulator.ActiveCfg = Release|Any CPU
		{D1FCE23A-7D48-470E-81E1-882163D15E0E}.AppStore|iPhoneSimulator.Build.0 = Release|Any CPU
		{D1FCE23A-7D48-470E-81E1-882163D15E0E}.AppStore|x64.ActiveCfg = Release|Any CPU
		{D1FCE23A-7D48-470E-81E1-882163D15E0E}.AppStore|x64.Build.0 = Release|Any CPU
		{D1FCE23A-7D48-470E-81E1-882163D15E0E}.AppStore|x86.ActiveCfg = Release|Any CPU
		{D1FCE23A-7D48-470E-81E1-882163D15E0E}.AppStore|x86.Build.0 = Release|Any CPU
		{D1FCE23A-7D48-470E-81E1-882163D15E0E}.Debug|Any CPU.ActiveCfg = Debug|Any CPU
		{D1FCE23A-7D48-470E-81E1-882163D15E0E}.Debug|Any CPU.Build.0 = Debug|Any CPU
		{D1FCE23A-7D48-470E-81E1-882163D15E0E}.Debug|ARM.ActiveCfg = Debug|Any CPU
		{D1FCE23A-7D48-470E-81E1-882163D15E0E}.Debug|ARM.Build.0 = Debug|Any CPU
		{D1FCE23A-7D48-470E-81E1-882163D15E0E}.Debug|iPhone.ActiveCfg = Debug|Any CPU
		{D1FCE23A-7D48-470E-81E1-882163D15E0E}.Debug|iPhone.Build.0 = Debug|Any CPU
		{D1FCE23A-7D48-470E-81E1-882163D15E0E}.Debug|iPhoneSimulator.ActiveCfg = Debug|Any CPU
		{D1FCE23A-7D48-470E-81E1-882163D15E0E}.Debug|iPhoneSimulator.Build.0 = Debug|Any CPU
		{D1FCE23A-7D48-470E-81E1-882163D15E0E}.Debug|x64.ActiveCfg = Debug|Any CPU
		{D1FCE23A-7D48-470E-81E1-882163D15E0E}.Debug|x64.Build.0 = Debug|Any CPU
		{D1FCE23A-7D48-470E-81E1-882163D15E0E}.Debug|x86.ActiveCfg = Debug|Any CPU
		{D1FCE23A-7D48-470E-81E1-882163D15E0E}.Debug|x86.Build.0 = Debug|Any CPU
		{D1FCE23A-7D48-470E-81E1-882163D15E0E}.Release|Any CPU.ActiveCfg = Release|Any CPU
		{D1FCE23A-7D48-470E-81E1-882163D15E0E}.Release|Any CPU.Build.0 = Release|Any CPU
		{D1FCE23A-7D48-470E-81E1-882163D15E0E}.Release|ARM.ActiveCfg = Release|Any CPU
		{D1FCE23A-7D48-470E-81E1-882163D15E0E}.Release|ARM.Build.0 = Release|Any CPU
		{D1FCE23A-7D48-470E-81E1-882163D15E0E}.Release|iPhone.ActiveCfg = Release|Any CPU
		{D1FCE23A-7D48-470E-81E1-882163D15E0E}.Release|iPhone.Build.0 = Release|Any CPU
		{D1FCE23A-7D48-470E-81E1-882163D15E0E}.Release|iPhoneSimulator.ActiveCfg = Release|Any CPU
		{D1FCE23A-7D48-470E-81E1-882163D15E0E}.Release|iPhoneSimulator.Build.0 = Release|Any CPU
		{D1FCE23A-7D48-470E-81E1-882163D15E0E}.Release|x64.ActiveCfg = Release|Any CPU
		{D1FCE23A-7D48-470E-81E1-882163D15E0E}.Release|x64.Build.0 = Release|Any CPU
		{D1FCE23A-7D48-470E-81E1-882163D15E0E}.Release|x86.ActiveCfg = Release|Any CPU
		{D1FCE23A-7D48-470E-81E1-882163D15E0E}.Release|x86.Build.0 = Release|Any CPU
		{755AD0EB-BDF5-4496-B75F-ABD592F8034B}.Ad-Hoc|Any CPU.ActiveCfg = Release|Any CPU
		{755AD0EB-BDF5-4496-B75F-ABD592F8034B}.Ad-Hoc|Any CPU.Build.0 = Release|Any CPU
		{755AD0EB-BDF5-4496-B75F-ABD592F8034B}.Ad-Hoc|ARM.ActiveCfg = Release|Any CPU
		{755AD0EB-BDF5-4496-B75F-ABD592F8034B}.Ad-Hoc|ARM.Build.0 = Release|Any CPU
		{755AD0EB-BDF5-4496-B75F-ABD592F8034B}.Ad-Hoc|iPhone.ActiveCfg = Release|Any CPU
		{755AD0EB-BDF5-4496-B75F-ABD592F8034B}.Ad-Hoc|iPhone.Build.0 = Release|Any CPU
		{755AD0EB-BDF5-4496-B75F-ABD592F8034B}.Ad-Hoc|iPhoneSimulator.ActiveCfg = Release|Any CPU
		{755AD0EB-BDF5-4496-B75F-ABD592F8034B}.Ad-Hoc|iPhoneSimulator.Build.0 = Release|Any CPU
		{755AD0EB-BDF5-4496-B75F-ABD592F8034B}.Ad-Hoc|x64.ActiveCfg = Release|Any CPU
		{755AD0EB-BDF5-4496-B75F-ABD592F8034B}.Ad-Hoc|x64.Build.0 = Release|Any CPU
		{755AD0EB-BDF5-4496-B75F-ABD592F8034B}.Ad-Hoc|x86.ActiveCfg = Release|Any CPU
		{755AD0EB-BDF5-4496-B75F-ABD592F8034B}.Ad-Hoc|x86.Build.0 = Release|Any CPU
		{755AD0EB-BDF5-4496-B75F-ABD592F8034B}.AppStore|Any CPU.ActiveCfg = Release|Any CPU
		{755AD0EB-BDF5-4496-B75F-ABD592F8034B}.AppStore|Any CPU.Build.0 = Release|Any CPU
		{755AD0EB-BDF5-4496-B75F-ABD592F8034B}.AppStore|ARM.ActiveCfg = Release|Any CPU
		{755AD0EB-BDF5-4496-B75F-ABD592F8034B}.AppStore|ARM.Build.0 = Release|Any CPU
		{755AD0EB-BDF5-4496-B75F-ABD592F8034B}.AppStore|iPhone.ActiveCfg = Release|Any CPU
		{755AD0EB-BDF5-4496-B75F-ABD592F8034B}.AppStore|iPhone.Build.0 = Release|Any CPU
		{755AD0EB-BDF5-4496-B75F-ABD592F8034B}.AppStore|iPhoneSimulator.ActiveCfg = Release|Any CPU
		{755AD0EB-BDF5-4496-B75F-ABD592F8034B}.AppStore|iPhoneSimulator.Build.0 = Release|Any CPU
		{755AD0EB-BDF5-4496-B75F-ABD592F8034B}.AppStore|x64.ActiveCfg = Release|Any CPU
		{755AD0EB-BDF5-4496-B75F-ABD592F8034B}.AppStore|x64.Build.0 = Release|Any CPU
		{755AD0EB-BDF5-4496-B75F-ABD592F8034B}.AppStore|x86.ActiveCfg = Release|Any CPU
		{755AD0EB-BDF5-4496-B75F-ABD592F8034B}.AppStore|x86.Build.0 = Release|Any CPU
		{755AD0EB-BDF5-4496-B75F-ABD592F8034B}.Debug|Any CPU.ActiveCfg = Debug|Any CPU
		{755AD0EB-BDF5-4496-B75F-ABD592F8034B}.Debug|Any CPU.Build.0 = Debug|Any CPU
		{755AD0EB-BDF5-4496-B75F-ABD592F8034B}.Debug|ARM.ActiveCfg = Debug|Any CPU
		{755AD0EB-BDF5-4496-B75F-ABD592F8034B}.Debug|ARM.Build.0 = Debug|Any CPU
		{755AD0EB-BDF5-4496-B75F-ABD592F8034B}.Debug|iPhone.ActiveCfg = Debug|Any CPU
		{755AD0EB-BDF5-4496-B75F-ABD592F8034B}.Debug|iPhone.Build.0 = Debug|Any CPU
		{755AD0EB-BDF5-4496-B75F-ABD592F8034B}.Debug|iPhoneSimulator.ActiveCfg = Debug|Any CPU
		{755AD0EB-BDF5-4496-B75F-ABD592F8034B}.Debug|iPhoneSimulator.Build.0 = Debug|Any CPU
		{755AD0EB-BDF5-4496-B75F-ABD592F8034B}.Debug|x64.ActiveCfg = Debug|Any CPU
		{755AD0EB-BDF5-4496-B75F-ABD592F8034B}.Debug|x64.Build.0 = Debug|Any CPU
		{755AD0EB-BDF5-4496-B75F-ABD592F8034B}.Debug|x86.ActiveCfg = Debug|Any CPU
		{755AD0EB-BDF5-4496-B75F-ABD592F8034B}.Debug|x86.Build.0 = Debug|Any CPU
		{755AD0EB-BDF5-4496-B75F-ABD592F8034B}.Release|Any CPU.ActiveCfg = Release|Any CPU
		{755AD0EB-BDF5-4496-B75F-ABD592F8034B}.Release|Any CPU.Build.0 = Release|Any CPU
		{755AD0EB-BDF5-4496-B75F-ABD592F8034B}.Release|ARM.ActiveCfg = Release|Any CPU
		{755AD0EB-BDF5-4496-B75F-ABD592F8034B}.Release|ARM.Build.0 = Release|Any CPU
		{755AD0EB-BDF5-4496-B75F-ABD592F8034B}.Release|iPhone.ActiveCfg = Release|Any CPU
		{755AD0EB-BDF5-4496-B75F-ABD592F8034B}.Release|iPhone.Build.0 = Release|Any CPU
		{755AD0EB-BDF5-4496-B75F-ABD592F8034B}.Release|iPhoneSimulator.ActiveCfg = Release|Any CPU
		{755AD0EB-BDF5-4496-B75F-ABD592F8034B}.Release|iPhoneSimulator.Build.0 = Release|Any CPU
		{755AD0EB-BDF5-4496-B75F-ABD592F8034B}.Release|x64.ActiveCfg = Release|Any CPU
		{755AD0EB-BDF5-4496-B75F-ABD592F8034B}.Release|x64.Build.0 = Release|Any CPU
		{755AD0EB-BDF5-4496-B75F-ABD592F8034B}.Release|x86.ActiveCfg = Release|Any CPU
		{755AD0EB-BDF5-4496-B75F-ABD592F8034B}.Release|x86.Build.0 = Release|Any CPU
		{5E52E41D-B2FC-4F3C-BBD5-E41A0E12C913}.Ad-Hoc|Any CPU.ActiveCfg = Release|Any CPU
		{5E52E41D-B2FC-4F3C-BBD5-E41A0E12C913}.Ad-Hoc|Any CPU.Build.0 = Release|Any CPU
		{5E52E41D-B2FC-4F3C-BBD5-E41A0E12C913}.Ad-Hoc|ARM.ActiveCfg = Release|Any CPU
		{5E52E41D-B2FC-4F3C-BBD5-E41A0E12C913}.Ad-Hoc|ARM.Build.0 = Release|Any CPU
		{5E52E41D-B2FC-4F3C-BBD5-E41A0E12C913}.Ad-Hoc|iPhone.ActiveCfg = Release|Any CPU
		{5E52E41D-B2FC-4F3C-BBD5-E41A0E12C913}.Ad-Hoc|iPhone.Build.0 = Release|Any CPU
		{5E52E41D-B2FC-4F3C-BBD5-E41A0E12C913}.Ad-Hoc|iPhoneSimulator.ActiveCfg = Release|Any CPU
		{5E52E41D-B2FC-4F3C-BBD5-E41A0E12C913}.Ad-Hoc|iPhoneSimulator.Build.0 = Release|Any CPU
		{5E52E41D-B2FC-4F3C-BBD5-E41A0E12C913}.Ad-Hoc|x64.ActiveCfg = Release|Any CPU
		{5E52E41D-B2FC-4F3C-BBD5-E41A0E12C913}.Ad-Hoc|x64.Build.0 = Release|Any CPU
		{5E52E41D-B2FC-4F3C-BBD5-E41A0E12C913}.Ad-Hoc|x86.ActiveCfg = Release|Any CPU
		{5E52E41D-B2FC-4F3C-BBD5-E41A0E12C913}.Ad-Hoc|x86.Build.0 = Release|Any CPU
		{5E52E41D-B2FC-4F3C-BBD5-E41A0E12C913}.AppStore|Any CPU.ActiveCfg = Release|Any CPU
		{5E52E41D-B2FC-4F3C-BBD5-E41A0E12C913}.AppStore|Any CPU.Build.0 = Release|Any CPU
		{5E52E41D-B2FC-4F3C-BBD5-E41A0E12C913}.AppStore|ARM.ActiveCfg = Release|Any CPU
		{5E52E41D-B2FC-4F3C-BBD5-E41A0E12C913}.AppStore|ARM.Build.0 = Release|Any CPU
		{5E52E41D-B2FC-4F3C-BBD5-E41A0E12C913}.AppStore|iPhone.ActiveCfg = Release|Any CPU
		{5E52E41D-B2FC-4F3C-BBD5-E41A0E12C913}.AppStore|iPhone.Build.0 = Release|Any CPU
		{5E52E41D-B2FC-4F3C-BBD5-E41A0E12C913}.AppStore|iPhoneSimulator.ActiveCfg = Release|Any CPU
		{5E52E41D-B2FC-4F3C-BBD5-E41A0E12C913}.AppStore|iPhoneSimulator.Build.0 = Release|Any CPU
		{5E52E41D-B2FC-4F3C-BBD5-E41A0E12C913}.AppStore|x64.ActiveCfg = Release|Any CPU
		{5E52E41D-B2FC-4F3C-BBD5-E41A0E12C913}.AppStore|x64.Build.0 = Release|Any CPU
		{5E52E41D-B2FC-4F3C-BBD5-E41A0E12C913}.AppStore|x86.ActiveCfg = Release|Any CPU
		{5E52E41D-B2FC-4F3C-BBD5-E41A0E12C913}.AppStore|x86.Build.0 = Release|Any CPU
		{5E52E41D-B2FC-4F3C-BBD5-E41A0E12C913}.Debug|Any CPU.ActiveCfg = Debug|Any CPU
		{5E52E41D-B2FC-4F3C-BBD5-E41A0E12C913}.Debug|Any CPU.Build.0 = Debug|Any CPU
		{5E52E41D-B2FC-4F3C-BBD5-E41A0E12C913}.Debug|ARM.ActiveCfg = Debug|Any CPU
		{5E52E41D-B2FC-4F3C-BBD5-E41A0E12C913}.Debug|ARM.Build.0 = Debug|Any CPU
		{5E52E41D-B2FC-4F3C-BBD5-E41A0E12C913}.Debug|iPhone.ActiveCfg = Debug|Any CPU
		{5E52E41D-B2FC-4F3C-BBD5-E41A0E12C913}.Debug|iPhone.Build.0 = Debug|Any CPU
		{5E52E41D-B2FC-4F3C-BBD5-E41A0E12C913}.Debug|iPhoneSimulator.ActiveCfg = Debug|Any CPU
		{5E52E41D-B2FC-4F3C-BBD5-E41A0E12C913}.Debug|iPhoneSimulator.Build.0 = Debug|Any CPU
		{5E52E41D-B2FC-4F3C-BBD5-E41A0E12C913}.Debug|x64.ActiveCfg = Debug|Any CPU
		{5E52E41D-B2FC-4F3C-BBD5-E41A0E12C913}.Debug|x64.Build.0 = Debug|Any CPU
		{5E52E41D-B2FC-4F3C-BBD5-E41A0E12C913}.Debug|x86.ActiveCfg = Debug|Any CPU
		{5E52E41D-B2FC-4F3C-BBD5-E41A0E12C913}.Debug|x86.Build.0 = Debug|Any CPU
		{5E52E41D-B2FC-4F3C-BBD5-E41A0E12C913}.Release|Any CPU.ActiveCfg = Release|Any CPU
		{5E52E41D-B2FC-4F3C-BBD5-E41A0E12C913}.Release|Any CPU.Build.0 = Release|Any CPU
		{5E52E41D-B2FC-4F3C-BBD5-E41A0E12C913}.Release|ARM.ActiveCfg = Release|Any CPU
		{5E52E41D-B2FC-4F3C-BBD5-E41A0E12C913}.Release|ARM.Build.0 = Release|Any CPU
		{5E52E41D-B2FC-4F3C-BBD5-E41A0E12C913}.Release|iPhone.ActiveCfg = Release|Any CPU
		{5E52E41D-B2FC-4F3C-BBD5-E41A0E12C913}.Release|iPhone.Build.0 = Release|Any CPU
		{5E52E41D-B2FC-4F3C-BBD5-E41A0E12C913}.Release|iPhoneSimulator.ActiveCfg = Release|Any CPU
		{5E52E41D-B2FC-4F3C-BBD5-E41A0E12C913}.Release|iPhoneSimulator.Build.0 = Release|Any CPU
		{5E52E41D-B2FC-4F3C-BBD5-E41A0E12C913}.Release|x64.ActiveCfg = Release|Any CPU
		{5E52E41D-B2FC-4F3C-BBD5-E41A0E12C913}.Release|x64.Build.0 = Release|Any CPU
		{5E52E41D-B2FC-4F3C-BBD5-E41A0E12C913}.Release|x86.ActiveCfg = Release|Any CPU
		{5E52E41D-B2FC-4F3C-BBD5-E41A0E12C913}.Release|x86.Build.0 = Release|Any CPU
		{8B3ABB92-57C6-4698-9075-92338ACAADFC}.Ad-Hoc|Any CPU.ActiveCfg = Release|Any CPU
		{8B3ABB92-57C6-4698-9075-92338ACAADFC}.Ad-Hoc|Any CPU.Build.0 = Release|Any CPU
		{8B3ABB92-57C6-4698-9075-92338ACAADFC}.Ad-Hoc|ARM.ActiveCfg = Release|ARM
		{8B3ABB92-57C6-4698-9075-92338ACAADFC}.Ad-Hoc|ARM.Build.0 = Release|ARM
		{8B3ABB92-57C6-4698-9075-92338ACAADFC}.Ad-Hoc|iPhone.ActiveCfg = Release|Any CPU
		{8B3ABB92-57C6-4698-9075-92338ACAADFC}.Ad-Hoc|iPhone.Build.0 = Release|Any CPU
		{8B3ABB92-57C6-4698-9075-92338ACAADFC}.Ad-Hoc|iPhoneSimulator.ActiveCfg = Release|Any CPU
		{8B3ABB92-57C6-4698-9075-92338ACAADFC}.Ad-Hoc|iPhoneSimulator.Build.0 = Release|Any CPU
		{8B3ABB92-57C6-4698-9075-92338ACAADFC}.Ad-Hoc|x64.ActiveCfg = Release|x64
		{8B3ABB92-57C6-4698-9075-92338ACAADFC}.Ad-Hoc|x64.Build.0 = Release|x64
		{8B3ABB92-57C6-4698-9075-92338ACAADFC}.Ad-Hoc|x86.ActiveCfg = Release|x86
		{8B3ABB92-57C6-4698-9075-92338ACAADFC}.Ad-Hoc|x86.Build.0 = Release|x86
		{8B3ABB92-57C6-4698-9075-92338ACAADFC}.AppStore|Any CPU.ActiveCfg = Release|Any CPU
		{8B3ABB92-57C6-4698-9075-92338ACAADFC}.AppStore|Any CPU.Build.0 = Release|Any CPU
		{8B3ABB92-57C6-4698-9075-92338ACAADFC}.AppStore|ARM.ActiveCfg = Release|ARM
		{8B3ABB92-57C6-4698-9075-92338ACAADFC}.AppStore|ARM.Build.0 = Release|ARM
		{8B3ABB92-57C6-4698-9075-92338ACAADFC}.AppStore|iPhone.ActiveCfg = Release|Any CPU
		{8B3ABB92-57C6-4698-9075-92338ACAADFC}.AppStore|iPhone.Build.0 = Release|Any CPU
		{8B3ABB92-57C6-4698-9075-92338ACAADFC}.AppStore|iPhoneSimulator.ActiveCfg = Release|Any CPU
		{8B3ABB92-57C6-4698-9075-92338ACAADFC}.AppStore|iPhoneSimulator.Build.0 = Release|Any CPU
		{8B3ABB92-57C6-4698-9075-92338ACAADFC}.AppStore|x64.ActiveCfg = Release|x64
		{8B3ABB92-57C6-4698-9075-92338ACAADFC}.AppStore|x64.Build.0 = Release|x64
		{8B3ABB92-57C6-4698-9075-92338ACAADFC}.AppStore|x86.ActiveCfg = Release|x86
		{8B3ABB92-57C6-4698-9075-92338ACAADFC}.AppStore|x86.Build.0 = Release|x86
		{8B3ABB92-57C6-4698-9075-92338ACAADFC}.Debug|Any CPU.ActiveCfg = Debug|Any CPU
		{8B3ABB92-57C6-4698-9075-92338ACAADFC}.Debug|Any CPU.Build.0 = Debug|Any CPU
		{8B3ABB92-57C6-4698-9075-92338ACAADFC}.Debug|ARM.ActiveCfg = Debug|ARM
		{8B3ABB92-57C6-4698-9075-92338ACAADFC}.Debug|ARM.Build.0 = Debug|ARM
		{8B3ABB92-57C6-4698-9075-92338ACAADFC}.Debug|iPhone.ActiveCfg = Debug|Any CPU
		{8B3ABB92-57C6-4698-9075-92338ACAADFC}.Debug|iPhone.Build.0 = Debug|Any CPU
		{8B3ABB92-57C6-4698-9075-92338ACAADFC}.Debug|iPhoneSimulator.ActiveCfg = Debug|Any CPU
		{8B3ABB92-57C6-4698-9075-92338ACAADFC}.Debug|iPhoneSimulator.Build.0 = Debug|Any CPU
		{8B3ABB92-57C6-4698-9075-92338ACAADFC}.Debug|x64.ActiveCfg = Debug|x64
		{8B3ABB92-57C6-4698-9075-92338ACAADFC}.Debug|x64.Build.0 = Debug|x64
		{8B3ABB92-57C6-4698-9075-92338ACAADFC}.Debug|x86.ActiveCfg = Debug|x86
		{8B3ABB92-57C6-4698-9075-92338ACAADFC}.Debug|x86.Build.0 = Debug|x86
		{8B3ABB92-57C6-4698-9075-92338ACAADFC}.Release|Any CPU.ActiveCfg = Release|Any CPU
		{8B3ABB92-57C6-4698-9075-92338ACAADFC}.Release|Any CPU.Build.0 = Release|Any CPU
		{8B3ABB92-57C6-4698-9075-92338ACAADFC}.Release|ARM.ActiveCfg = Release|ARM
		{8B3ABB92-57C6-4698-9075-92338ACAADFC}.Release|ARM.Build.0 = Release|ARM
		{8B3ABB92-57C6-4698-9075-92338ACAADFC}.Release|iPhone.ActiveCfg = Release|Any CPU
		{8B3ABB92-57C6-4698-9075-92338ACAADFC}.Release|iPhone.Build.0 = Release|Any CPU
		{8B3ABB92-57C6-4698-9075-92338ACAADFC}.Release|iPhoneSimulator.ActiveCfg = Release|Any CPU
		{8B3ABB92-57C6-4698-9075-92338ACAADFC}.Release|iPhoneSimulator.Build.0 = Release|Any CPU
		{8B3ABB92-57C6-4698-9075-92338ACAADFC}.Release|x64.ActiveCfg = Release|x64
		{8B3ABB92-57C6-4698-9075-92338ACAADFC}.Release|x64.Build.0 = Release|x64
		{8B3ABB92-57C6-4698-9075-92338ACAADFC}.Release|x86.ActiveCfg = Release|x86
		{8B3ABB92-57C6-4698-9075-92338ACAADFC}.Release|x86.Build.0 = Release|x86
	EndGlobalSection
	GlobalSection(SolutionProperties) = preSolution
		HideSolutionNode = FALSE
	EndGlobalSection
	GlobalSection(NestedProjects) = preSolution
		{877055AA-1288-4923-9FE9-0E861C532DBB} = {2F7B988F-EEA6-4FBC-B364-5BA45F3411D3}
		{128B5643-636E-4477-B704-CB309BCA816F} = {2F7B988F-EEA6-4FBC-B364-5BA45F3411D3}
		{E5FD4238-5073-4B7D-A068-E6574A9C4ED4} = {2F992E55-E1ED-4578-9EA2-31A4052A3C64}
		{E8EB0A2A-5C6A-4C7B-BF10-FFAD3489CF78} = {2F992E55-E1ED-4578-9EA2-31A4052A3C64}
		{8CC9752E-A68D-412C-BA3B-AC17CEB6BD50} = {CAA56632-064D-449B-BC28-F1CC725369B4}
		{64D050AC-8051-4949-825E-DBE6727BAB47} = {CAA56632-064D-449B-BC28-F1CC725369B4}
		{C08F6D02-248A-49DE-A1C9-AE81663BD512} = {E964092F-30D8-459F-BB24-753866218E21}
		{272AB01F-3EB7-4DDF-8CB2-CEFCC0981937} = {CAA56632-064D-449B-BC28-F1CC725369B4}
		{6A833D6C-2245-4B48-BDE3-8AB8A74321CD} = {2F7B988F-EEA6-4FBC-B364-5BA45F3411D3}
		{913B367C-1340-4F69-A7BC-8427D11D4011} = {662B82BA-1781-4FBE-872C-7FAA4B3328F9}
		{D1FCE23A-7D48-470E-81E1-882163D15E0E} = {857E57E1-D1DF-4AA8-B6FE-53A04A8E071D}
		{755AD0EB-BDF5-4496-B75F-ABD592F8034B} = {857E57E1-D1DF-4AA8-B6FE-53A04A8E071D}
		{5E52E41D-B2FC-4F3C-BBD5-E41A0E12C913} = {E964092F-30D8-459F-BB24-753866218E21}
		{8B3ABB92-57C6-4698-9075-92338ACAADFC} = {2F7B988F-EEA6-4FBC-B364-5BA45F3411D3}
	EndGlobalSection
EndGlobal
